// !$*UTF8*$!
{
	archiveVersion = 1;
	classes = {
	};
	objectVersion = 46;
	objects = {

/* Begin PBXBuildFile section */
		3739140E1F0009E50094DB3B /* aes_ni.c in Sources */ = {isa = PBXBuildFile; fileRef = 373913E81F0009310094DB3B /* aes_ni.c */; };
		3739140F1F0009E60094DB3B /* aes_ni.c in Sources */ = {isa = PBXBuildFile; fileRef = 373913E81F0009310094DB3B /* aes_ni.c */; };
		373914101F0009E80094DB3B /* aes.h in Headers */ = {isa = PBXBuildFile; fileRef = 373913E71F0009310094DB3B /* aes.h */; };
		373914111F0009E90094DB3B /* aes.h in Headers */ = {isa = PBXBuildFile; fileRef = 373913E71F0009310094DB3B /* aes.h */; };
		373914121F0009F20094DB3B /* aes_ni.h in Headers */ = {isa = PBXBuildFile; fileRef = 373913E91F0009310094DB3B /* aes_ni.h */; };
		373914131F0009F20094DB3B /* aes_ni.h in Headers */ = {isa = PBXBuildFile; fileRef = 373913E91F0009310094DB3B /* aes_ni.h */; };
		373914141F0009FF0094DB3B /* aescrypt.c in Sources */ = {isa = PBXBuildFile; fileRef = 373913EA1F0009310094DB3B /* aescrypt.c */; };
		373914151F0009FF0094DB3B /* aeskey.c in Sources */ = {isa = PBXBuildFile; fileRef = 373913EB1F0009310094DB3B /* aeskey.c */; };
		373914161F0009FF0094DB3B /* aesopt.h in Headers */ = {isa = PBXBuildFile; fileRef = 373913EC1F0009310094DB3B /* aesopt.h */; };
		373914171F0009FF0094DB3B /* aestab.c in Sources */ = {isa = PBXBuildFile; fileRef = 373913ED1F0009310094DB3B /* aestab.c */; };
		373914181F0009FF0094DB3B /* aestab.h in Headers */ = {isa = PBXBuildFile; fileRef = 373913EE1F0009310094DB3B /* aestab.h */; };
		373914191F0009FF0094DB3B /* brg_endian.h in Headers */ = {isa = PBXBuildFile; fileRef = 373913EF1F0009310094DB3B /* brg_endian.h */; };
		3739141A1F0009FF0094DB3B /* brg_types.h in Headers */ = {isa = PBXBuildFile; fileRef = 373913F01F0009310094DB3B /* brg_types.h */; };
		3739141B1F0009FF0094DB3B /* fileenc.c in Sources */ = {isa = PBXBuildFile; fileRef = 373913F11F0009310094DB3B /* fileenc.c */; };
		3739141C1F0009FF0094DB3B /* fileenc.h in Headers */ = {isa = PBXBuildFile; fileRef = 373913F21F0009310094DB3B /* fileenc.h */; };
		3739141D1F0009FF0094DB3B /* hmac.c in Sources */ = {isa = PBXBuildFile; fileRef = 373913F31F0009310094DB3B /* hmac.c */; };
		3739141E1F0009FF0094DB3B /* hmac.h in Headers */ = {isa = PBXBuildFile; fileRef = 373913F41F0009310094DB3B /* hmac.h */; };
		3739141F1F0009FF0094DB3B /* prng.c in Sources */ = {isa = PBXBuildFile; fileRef = 373913F51F0009310094DB3B /* prng.c */; };
		373914201F0009FF0094DB3B /* prng.h in Headers */ = {isa = PBXBuildFile; fileRef = 373913F61F0009310094DB3B /* prng.h */; };
		373914211F0009FF0094DB3B /* pwd2key.c in Sources */ = {isa = PBXBuildFile; fileRef = 373913F71F0009310094DB3B /* pwd2key.c */; };
		373914221F0009FF0094DB3B /* pwd2key.h in Headers */ = {isa = PBXBuildFile; fileRef = 373913F81F0009310094DB3B /* pwd2key.h */; };
		373914231F0009FF0094DB3B /* sha1.c in Sources */ = {isa = PBXBuildFile; fileRef = 373913F91F0009310094DB3B /* sha1.c */; };
		373914241F0009FF0094DB3B /* sha1.h in Headers */ = {isa = PBXBuildFile; fileRef = 373913FA1F0009310094DB3B /* sha1.h */; };
		373914251F000A000094DB3B /* aescrypt.c in Sources */ = {isa = PBXBuildFile; fileRef = 373913EA1F0009310094DB3B /* aescrypt.c */; };
		373914261F000A000094DB3B /* aeskey.c in Sources */ = {isa = PBXBuildFile; fileRef = 373913EB1F0009310094DB3B /* aeskey.c */; };
		373914271F000A000094DB3B /* aesopt.h in Headers */ = {isa = PBXBuildFile; fileRef = 373913EC1F0009310094DB3B /* aesopt.h */; };
		373914281F000A000094DB3B /* aestab.c in Sources */ = {isa = PBXBuildFile; fileRef = 373913ED1F0009310094DB3B /* aestab.c */; };
		373914291F000A000094DB3B /* aestab.h in Headers */ = {isa = PBXBuildFile; fileRef = 373913EE1F0009310094DB3B /* aestab.h */; };
		3739142A1F000A000094DB3B /* brg_endian.h in Headers */ = {isa = PBXBuildFile; fileRef = 373913EF1F0009310094DB3B /* brg_endian.h */; };
		3739142B1F000A000094DB3B /* brg_types.h in Headers */ = {isa = PBXBuildFile; fileRef = 373913F01F0009310094DB3B /* brg_types.h */; };
		3739142C1F000A000094DB3B /* fileenc.c in Sources */ = {isa = PBXBuildFile; fileRef = 373913F11F0009310094DB3B /* fileenc.c */; };
		3739142D1F000A000094DB3B /* fileenc.h in Headers */ = {isa = PBXBuildFile; fileRef = 373913F21F0009310094DB3B /* fileenc.h */; };
		3739142E1F000A000094DB3B /* hmac.c in Sources */ = {isa = PBXBuildFile; fileRef = 373913F31F0009310094DB3B /* hmac.c */; };
		3739142F1F000A000094DB3B /* hmac.h in Headers */ = {isa = PBXBuildFile; fileRef = 373913F41F0009310094DB3B /* hmac.h */; };
		373914301F000A000094DB3B /* prng.c in Sources */ = {isa = PBXBuildFile; fileRef = 373913F51F0009310094DB3B /* prng.c */; };
		373914311F000A000094DB3B /* prng.h in Headers */ = {isa = PBXBuildFile; fileRef = 373913F61F0009310094DB3B /* prng.h */; };
		373914321F000A000094DB3B /* pwd2key.c in Sources */ = {isa = PBXBuildFile; fileRef = 373913F71F0009310094DB3B /* pwd2key.c */; };
		373914331F000A000094DB3B /* pwd2key.h in Headers */ = {isa = PBXBuildFile; fileRef = 373913F81F0009310094DB3B /* pwd2key.h */; };
		373914341F000A000094DB3B /* sha1.c in Sources */ = {isa = PBXBuildFile; fileRef = 373913F91F0009310094DB3B /* sha1.c */; };
		373914351F000A000094DB3B /* sha1.h in Headers */ = {isa = PBXBuildFile; fileRef = 373913FA1F0009310094DB3B /* sha1.h */; };
		37952C321F63B6FB00DD6677 /* SSZipArchive.h in Headers */ = {isa = PBXBuildFile; fileRef = B423AE481C0DF7950004A2F1 /* SSZipArchive.h */; settings = {ATTRIBUTES = (Public, ); }; };
		37952C331F63B70000DD6677 /* SSZipArchive.m in Sources */ = {isa = PBXBuildFile; fileRef = B423AE491C0DF7950004A2F1 /* SSZipArchive.m */; };
		37952C341F63B71400DD6677 /* ZipArchive.h in Headers */ = {isa = PBXBuildFile; fileRef = B423AE4A1C0DF7950004A2F1 /* ZipArchive.h */; settings = {ATTRIBUTES = (Public, ); }; };
		37952C351F63B75B00DD6677 /* libz.tbd in Frameworks */ = {isa = PBXBuildFile; fileRef = B423AE6E1C0DF83F0004A2F1 /* libz.tbd */; };
		37952C441F63B79900DD6677 /* aes.h in Headers */ = {isa = PBXBuildFile; fileRef = 373913E71F0009310094DB3B /* aes.h */; };
		37952C451F63B7A000DD6677 /* aes_ni.c in Sources */ = {isa = PBXBuildFile; fileRef = 373913E81F0009310094DB3B /* aes_ni.c */; };
		37952C461F63B7A000DD6677 /* aes_ni.h in Headers */ = {isa = PBXBuildFile; fileRef = 373913E91F0009310094DB3B /* aes_ni.h */; };
		37952C471F63B7A000DD6677 /* aescrypt.c in Sources */ = {isa = PBXBuildFile; fileRef = 373913EA1F0009310094DB3B /* aescrypt.c */; };
		37952C481F63B7A000DD6677 /* aeskey.c in Sources */ = {isa = PBXBuildFile; fileRef = 373913EB1F0009310094DB3B /* aeskey.c */; };
		37952C491F63B7A000DD6677 /* aesopt.h in Headers */ = {isa = PBXBuildFile; fileRef = 373913EC1F0009310094DB3B /* aesopt.h */; };
		37952C4A1F63B7A000DD6677 /* aestab.c in Sources */ = {isa = PBXBuildFile; fileRef = 373913ED1F0009310094DB3B /* aestab.c */; };
		37952C4B1F63B7A000DD6677 /* aestab.h in Headers */ = {isa = PBXBuildFile; fileRef = 373913EE1F0009310094DB3B /* aestab.h */; };
		37952C4C1F63B7A000DD6677 /* brg_endian.h in Headers */ = {isa = PBXBuildFile; fileRef = 373913EF1F0009310094DB3B /* brg_endian.h */; };
		37952C4D1F63B7A000DD6677 /* brg_types.h in Headers */ = {isa = PBXBuildFile; fileRef = 373913F01F0009310094DB3B /* brg_types.h */; };
		37952C4E1F63B7A000DD6677 /* fileenc.c in Sources */ = {isa = PBXBuildFile; fileRef = 373913F11F0009310094DB3B /* fileenc.c */; };
		37952C4F1F63B7A000DD6677 /* fileenc.h in Headers */ = {isa = PBXBuildFile; fileRef = 373913F21F0009310094DB3B /* fileenc.h */; };
		37952C501F63B7A000DD6677 /* hmac.c in Sources */ = {isa = PBXBuildFile; fileRef = 373913F31F0009310094DB3B /* hmac.c */; };
		37952C511F63B7A000DD6677 /* hmac.h in Headers */ = {isa = PBXBuildFile; fileRef = 373913F41F0009310094DB3B /* hmac.h */; };
		37952C521F63B7A000DD6677 /* prng.c in Sources */ = {isa = PBXBuildFile; fileRef = 373913F51F0009310094DB3B /* prng.c */; };
		37952C531F63B7A000DD6677 /* prng.h in Headers */ = {isa = PBXBuildFile; fileRef = 373913F61F0009310094DB3B /* prng.h */; };
		37952C541F63B7A000DD6677 /* pwd2key.c in Sources */ = {isa = PBXBuildFile; fileRef = 373913F71F0009310094DB3B /* pwd2key.c */; };
		37952C551F63B7A000DD6677 /* pwd2key.h in Headers */ = {isa = PBXBuildFile; fileRef = 373913F81F0009310094DB3B /* pwd2key.h */; };
		37952C561F63B7A000DD6677 /* sha1.c in Sources */ = {isa = PBXBuildFile; fileRef = 373913F91F0009310094DB3B /* sha1.c */; };
		37952C571F63B7A000DD6677 /* sha1.h in Headers */ = {isa = PBXBuildFile; fileRef = 373913FA1F0009310094DB3B /* sha1.h */; };
		37952C741F63BBC000DD6677 /* aes.h in Headers */ = {isa = PBXBuildFile; fileRef = 373913E71F0009310094DB3B /* aes.h */; };
		37952C751F63BBC000DD6677 /* aes_ni.c in Sources */ = {isa = PBXBuildFile; fileRef = 373913E81F0009310094DB3B /* aes_ni.c */; };
		37952C761F63BBC000DD6677 /* aes_ni.h in Headers */ = {isa = PBXBuildFile; fileRef = 373913E91F0009310094DB3B /* aes_ni.h */; };
		37952C771F63BBC000DD6677 /* aescrypt.c in Sources */ = {isa = PBXBuildFile; fileRef = 373913EA1F0009310094DB3B /* aescrypt.c */; };
		37952C781F63BBC000DD6677 /* aeskey.c in Sources */ = {isa = PBXBuildFile; fileRef = 373913EB1F0009310094DB3B /* aeskey.c */; };
		37952C791F63BBC000DD6677 /* aesopt.h in Headers */ = {isa = PBXBuildFile; fileRef = 373913EC1F0009310094DB3B /* aesopt.h */; };
		37952C7A1F63BBC000DD6677 /* aestab.c in Sources */ = {isa = PBXBuildFile; fileRef = 373913ED1F0009310094DB3B /* aestab.c */; };
		37952C7B1F63BBC000DD6677 /* aestab.h in Headers */ = {isa = PBXBuildFile; fileRef = 373913EE1F0009310094DB3B /* aestab.h */; };
		37952C7C1F63BBC000DD6677 /* brg_endian.h in Headers */ = {isa = PBXBuildFile; fileRef = 373913EF1F0009310094DB3B /* brg_endian.h */; };
		37952C7D1F63BBC000DD6677 /* brg_types.h in Headers */ = {isa = PBXBuildFile; fileRef = 373913F01F0009310094DB3B /* brg_types.h */; };
		37952C7E1F63BBC000DD6677 /* fileenc.c in Sources */ = {isa = PBXBuildFile; fileRef = 373913F11F0009310094DB3B /* fileenc.c */; };
		37952C7F1F63BBC000DD6677 /* fileenc.h in Headers */ = {isa = PBXBuildFile; fileRef = 373913F21F0009310094DB3B /* fileenc.h */; };
		37952C801F63BBC000DD6677 /* hmac.c in Sources */ = {isa = PBXBuildFile; fileRef = 373913F31F0009310094DB3B /* hmac.c */; };
		37952C811F63BBC000DD6677 /* hmac.h in Headers */ = {isa = PBXBuildFile; fileRef = 373913F41F0009310094DB3B /* hmac.h */; };
		37952C821F63BBC000DD6677 /* prng.c in Sources */ = {isa = PBXBuildFile; fileRef = 373913F51F0009310094DB3B /* prng.c */; };
		37952C831F63BBC000DD6677 /* prng.h in Headers */ = {isa = PBXBuildFile; fileRef = 373913F61F0009310094DB3B /* prng.h */; };
		37952C841F63BBC000DD6677 /* pwd2key.c in Sources */ = {isa = PBXBuildFile; fileRef = 373913F71F0009310094DB3B /* pwd2key.c */; };
		37952C851F63BBC000DD6677 /* pwd2key.h in Headers */ = {isa = PBXBuildFile; fileRef = 373913F81F0009310094DB3B /* pwd2key.h */; };
		37952C861F63BBC000DD6677 /* sha1.c in Sources */ = {isa = PBXBuildFile; fileRef = 373913F91F0009310094DB3B /* sha1.c */; };
		37952C871F63BBC000DD6677 /* sha1.h in Headers */ = {isa = PBXBuildFile; fileRef = 373913FA1F0009310094DB3B /* sha1.h */; };
		37952C881F63BBD500DD6677 /* SSZipArchive.h in Headers */ = {isa = PBXBuildFile; fileRef = B423AE481C0DF7950004A2F1 /* SSZipArchive.h */; settings = {ATTRIBUTES = (Public, ); }; };
		37952C891F63BBDA00DD6677 /* SSZipArchive.m in Sources */ = {isa = PBXBuildFile; fileRef = B423AE491C0DF7950004A2F1 /* SSZipArchive.m */; };
		37952C8B1F63BBE400DD6677 /* ZipArchive.h in Headers */ = {isa = PBXBuildFile; fileRef = B423AE4A1C0DF7950004A2F1 /* ZipArchive.h */; settings = {ATTRIBUTES = (Public, ); }; };
		37952C8C1F63BBED00DD6677 /* libz.tbd in Frameworks */ = {isa = PBXBuildFile; fileRef = B423AE6E1C0DF83F0004A2F1 /* libz.tbd */; };
		3883778920365FA100AF5090 /* mz_zip.c in Sources */ = {isa = PBXBuildFile; fileRef = 3883776820365FA000AF5090 /* mz_zip.c */; };
		3883778B20365FA100AF5090 /* mz_zip.h in Headers */ = {isa = PBXBuildFile; fileRef = 3883776A20365FA000AF5090 /* mz_zip.h */; };
		3883778C20365FA100AF5090 /* mz.h in Headers */ = {isa = PBXBuildFile; fileRef = 3883776B20365FA000AF5090 /* mz.h */; };
		3883778D20365FA100AF5090 /* mz_strm_zlib.c in Sources */ = {isa = PBXBuildFile; fileRef = 3883776C20365FA000AF5090 /* mz_strm_zlib.c */; };
		3883778E20365FA100AF5090 /* mz_strm_split.h in Headers */ = {isa = PBXBuildFile; fileRef = 3883776D20365FA000AF5090 /* mz_strm_split.h */; };
		3883778F20365FA100AF5090 /* mz_strm_buf.h in Headers */ = {isa = PBXBuildFile; fileRef = 3883776E20365FA000AF5090 /* mz_strm_buf.h */; };
		3883779020365FA100AF5090 /* mz_strm_aes.h in Headers */ = {isa = PBXBuildFile; fileRef = 3883776F20365FA000AF5090 /* mz_strm_aes.h */; };
		3883779120365FA100AF5090 /* mz_strm.c in Sources */ = {isa = PBXBuildFile; fileRef = 3883777020365FA000AF5090 /* mz_strm.c */; };
		3883779420365FA100AF5090 /* mz_os.c in Sources */ = {isa = PBXBuildFile; fileRef = 3883777320365FA000AF5090 /* mz_os.c */; };
		3883779520365FA100AF5090 /* mz_strm.h in Headers */ = {isa = PBXBuildFile; fileRef = 3883777420365FA000AF5090 /* mz_strm.h */; };
		3883779620365FA100AF5090 /* mz_strm_split.c in Sources */ = {isa = PBXBuildFile; fileRef = 3883777520365FA000AF5090 /* mz_strm_split.c */; };
		3883779720365FA100AF5090 /* mz_os_posix.c in Sources */ = {isa = PBXBuildFile; fileRef = 3883777620365FA000AF5090 /* mz_os_posix.c */; };
		3883779820365FA100AF5090 /* mz_strm_mem.h in Headers */ = {isa = PBXBuildFile; fileRef = 3883777720365FA000AF5090 /* mz_strm_mem.h */; };
		3883779920365FA100AF5090 /* mz_strm_crypt.c in Sources */ = {isa = PBXBuildFile; fileRef = 3883777820365FA000AF5090 /* mz_strm_crypt.c */; };
		3883779B20365FA100AF5090 /* mz_strm_buf.c in Sources */ = {isa = PBXBuildFile; fileRef = 3883777A20365FA000AF5090 /* mz_strm_buf.c */; };
		3883779C20365FA100AF5090 /* mz_strm_posix.c in Sources */ = {isa = PBXBuildFile; fileRef = 3883777B20365FA000AF5090 /* mz_strm_posix.c */; };
		3883779D20365FA100AF5090 /* mz_strm_crypt.h in Headers */ = {isa = PBXBuildFile; fileRef = 3883777C20365FA000AF5090 /* mz_strm_crypt.h */; };
		3883779E20365FA100AF5090 /* mz_os.h in Headers */ = {isa = PBXBuildFile; fileRef = 3883777D20365FA000AF5090 /* mz_os.h */; };
		3883779F20365FA100AF5090 /* mz_strm_aes.c in Sources */ = {isa = PBXBuildFile; fileRef = 3883777E20365FA000AF5090 /* mz_strm_aes.c */; };
		388377A020365FA100AF5090 /* mz_os_posix.h in Headers */ = {isa = PBXBuildFile; fileRef = 3883777F20365FA000AF5090 /* mz_os_posix.h */; };
		388377A220365FA100AF5090 /* mz_strm_zlib.h in Headers */ = {isa = PBXBuildFile; fileRef = 3883778120365FA100AF5090 /* mz_strm_zlib.h */; };
		388377A320365FA100AF5090 /* mz_strm_posix.h in Headers */ = {isa = PBXBuildFile; fileRef = 3883778220365FA100AF5090 /* mz_strm_posix.h */; };
		388377A620365FA100AF5090 /* mz_strm_mem.c in Sources */ = {isa = PBXBuildFile; fileRef = 3883778520365FA100AF5090 /* mz_strm_mem.c */; };
		38841BE7203E010E000F0CFD /* mz_compat.h in Headers */ = {isa = PBXBuildFile; fileRef = 38841BE5203E010E000F0CFD /* mz_compat.h */; settings = {ATTRIBUTES = (Public, ); }; };
		38841BE8203E010E000F0CFD /* mz_compat.h in Headers */ = {isa = PBXBuildFile; fileRef = 38841BE5203E010E000F0CFD /* mz_compat.h */; settings = {ATTRIBUTES = (Public, ); }; };
		38841BE9203E010E000F0CFD /* mz_compat.h in Headers */ = {isa = PBXBuildFile; fileRef = 38841BE5203E010E000F0CFD /* mz_compat.h */; settings = {ATTRIBUTES = (Public, ); }; };
		38841BEA203E010E000F0CFD /* mz_compat.h in Headers */ = {isa = PBXBuildFile; fileRef = 38841BE5203E010E000F0CFD /* mz_compat.h */; settings = {ATTRIBUTES = (Public, ); }; };
		38841BEB203E010E000F0CFD /* mz_compat.c in Sources */ = {isa = PBXBuildFile; fileRef = 38841BE6203E010E000F0CFD /* mz_compat.c */; };
		38841BEC203E010E000F0CFD /* mz_compat.c in Sources */ = {isa = PBXBuildFile; fileRef = 38841BE6203E010E000F0CFD /* mz_compat.c */; };
		38841BED203E010E000F0CFD /* mz_compat.c in Sources */ = {isa = PBXBuildFile; fileRef = 38841BE6203E010E000F0CFD /* mz_compat.c */; };
		38841BEE203E010E000F0CFD /* mz_compat.c in Sources */ = {isa = PBXBuildFile; fileRef = 38841BE6203E010E000F0CFD /* mz_compat.c */; };
		38841BF4203E143F000F0CFD /* mz_os_posix.c in Sources */ = {isa = PBXBuildFile; fileRef = 3883777620365FA000AF5090 /* mz_os_posix.c */; };
		38841BF5203E143F000F0CFD /* mz_os_posix.h in Headers */ = {isa = PBXBuildFile; fileRef = 3883777F20365FA000AF5090 /* mz_os_posix.h */; };
		38841BF6203E143F000F0CFD /* mz_os.c in Sources */ = {isa = PBXBuildFile; fileRef = 3883777320365FA000AF5090 /* mz_os.c */; };
		38841BF7203E143F000F0CFD /* mz_os.h in Headers */ = {isa = PBXBuildFile; fileRef = 3883777D20365FA000AF5090 /* mz_os.h */; };
		38841BF8203E143F000F0CFD /* mz_strm_aes.c in Sources */ = {isa = PBXBuildFile; fileRef = 3883777E20365FA000AF5090 /* mz_strm_aes.c */; };
		38841BF9203E143F000F0CFD /* mz_strm_aes.h in Headers */ = {isa = PBXBuildFile; fileRef = 3883776F20365FA000AF5090 /* mz_strm_aes.h */; };
		38841BFA203E143F000F0CFD /* mz_strm_buf.c in Sources */ = {isa = PBXBuildFile; fileRef = 3883777A20365FA000AF5090 /* mz_strm_buf.c */; };
		38841BFB203E143F000F0CFD /* mz_strm_buf.h in Headers */ = {isa = PBXBuildFile; fileRef = 3883776E20365FA000AF5090 /* mz_strm_buf.h */; };
		38841BFC203E143F000F0CFD /* mz_strm_crypt.c in Sources */ = {isa = PBXBuildFile; fileRef = 3883777820365FA000AF5090 /* mz_strm_crypt.c */; };
		38841BFD203E143F000F0CFD /* mz_strm_crypt.h in Headers */ = {isa = PBXBuildFile; fileRef = 3883777C20365FA000AF5090 /* mz_strm_crypt.h */; };
		38841BFE203E143F000F0CFD /* mz_strm_mem.c in Sources */ = {isa = PBXBuildFile; fileRef = 3883778520365FA100AF5090 /* mz_strm_mem.c */; };
		38841BFF203E143F000F0CFD /* mz_strm_mem.h in Headers */ = {isa = PBXBuildFile; fileRef = 3883777720365FA000AF5090 /* mz_strm_mem.h */; };
		38841C00203E143F000F0CFD /* mz_strm_posix.c in Sources */ = {isa = PBXBuildFile; fileRef = 3883777B20365FA000AF5090 /* mz_strm_posix.c */; };
		38841C01203E143F000F0CFD /* mz_strm_posix.h in Headers */ = {isa = PBXBuildFile; fileRef = 3883778220365FA100AF5090 /* mz_strm_posix.h */; };
		38841C02203E143F000F0CFD /* mz_strm_split.c in Sources */ = {isa = PBXBuildFile; fileRef = 3883777520365FA000AF5090 /* mz_strm_split.c */; };
		38841C03203E143F000F0CFD /* mz_strm_split.h in Headers */ = {isa = PBXBuildFile; fileRef = 3883776D20365FA000AF5090 /* mz_strm_split.h */; };
		38841C04203E143F000F0CFD /* mz_strm_zlib.c in Sources */ = {isa = PBXBuildFile; fileRef = 3883776C20365FA000AF5090 /* mz_strm_zlib.c */; };
		38841C05203E143F000F0CFD /* mz_strm_zlib.h in Headers */ = {isa = PBXBuildFile; fileRef = 3883778120365FA100AF5090 /* mz_strm_zlib.h */; };
		38841C06203E143F000F0CFD /* mz_strm.c in Sources */ = {isa = PBXBuildFile; fileRef = 3883777020365FA000AF5090 /* mz_strm.c */; };
		38841C07203E143F000F0CFD /* mz_strm.h in Headers */ = {isa = PBXBuildFile; fileRef = 3883777420365FA000AF5090 /* mz_strm.h */; };
		38841C08203E143F000F0CFD /* mz_zip.c in Sources */ = {isa = PBXBuildFile; fileRef = 3883776820365FA000AF5090 /* mz_zip.c */; };
		38841C09203E143F000F0CFD /* mz_zip.h in Headers */ = {isa = PBXBuildFile; fileRef = 3883776A20365FA000AF5090 /* mz_zip.h */; };
		38841C0A203E143F000F0CFD /* mz.h in Headers */ = {isa = PBXBuildFile; fileRef = 3883776B20365FA000AF5090 /* mz.h */; };
		38841C0B203E1440000F0CFD /* mz_os_posix.c in Sources */ = {isa = PBXBuildFile; fileRef = 3883777620365FA000AF5090 /* mz_os_posix.c */; };
		38841C0C203E1440000F0CFD /* mz_os_posix.h in Headers */ = {isa = PBXBuildFile; fileRef = 3883777F20365FA000AF5090 /* mz_os_posix.h */; };
		38841C0D203E1440000F0CFD /* mz_os.c in Sources */ = {isa = PBXBuildFile; fileRef = 3883777320365FA000AF5090 /* mz_os.c */; };
		38841C0E203E1440000F0CFD /* mz_os.h in Headers */ = {isa = PBXBuildFile; fileRef = 3883777D20365FA000AF5090 /* mz_os.h */; };
		38841C0F203E1440000F0CFD /* mz_strm_aes.c in Sources */ = {isa = PBXBuildFile; fileRef = 3883777E20365FA000AF5090 /* mz_strm_aes.c */; };
		38841C10203E1440000F0CFD /* mz_strm_aes.h in Headers */ = {isa = PBXBuildFile; fileRef = 3883776F20365FA000AF5090 /* mz_strm_aes.h */; };
		38841C11203E1440000F0CFD /* mz_strm_buf.c in Sources */ = {isa = PBXBuildFile; fileRef = 3883777A20365FA000AF5090 /* mz_strm_buf.c */; };
		38841C12203E1440000F0CFD /* mz_strm_buf.h in Headers */ = {isa = PBXBuildFile; fileRef = 3883776E20365FA000AF5090 /* mz_strm_buf.h */; };
		38841C13203E1440000F0CFD /* mz_strm_crypt.c in Sources */ = {isa = PBXBuildFile; fileRef = 3883777820365FA000AF5090 /* mz_strm_crypt.c */; };
		38841C14203E1440000F0CFD /* mz_strm_crypt.h in Headers */ = {isa = PBXBuildFile; fileRef = 3883777C20365FA000AF5090 /* mz_strm_crypt.h */; };
		38841C15203E1440000F0CFD /* mz_strm_mem.c in Sources */ = {isa = PBXBuildFile; fileRef = 3883778520365FA100AF5090 /* mz_strm_mem.c */; };
		38841C16203E1440000F0CFD /* mz_strm_mem.h in Headers */ = {isa = PBXBuildFile; fileRef = 3883777720365FA000AF5090 /* mz_strm_mem.h */; };
		38841C17203E1440000F0CFD /* mz_strm_posix.c in Sources */ = {isa = PBXBuildFile; fileRef = 3883777B20365FA000AF5090 /* mz_strm_posix.c */; };
		38841C18203E1440000F0CFD /* mz_strm_posix.h in Headers */ = {isa = PBXBuildFile; fileRef = 3883778220365FA100AF5090 /* mz_strm_posix.h */; };
		38841C19203E1440000F0CFD /* mz_strm_split.c in Sources */ = {isa = PBXBuildFile; fileRef = 3883777520365FA000AF5090 /* mz_strm_split.c */; };
		38841C1A203E1440000F0CFD /* mz_strm_split.h in Headers */ = {isa = PBXBuildFile; fileRef = 3883776D20365FA000AF5090 /* mz_strm_split.h */; };
		38841C1B203E1440000F0CFD /* mz_strm_zlib.c in Sources */ = {isa = PBXBuildFile; fileRef = 3883776C20365FA000AF5090 /* mz_strm_zlib.c */; };
		38841C1C203E1440000F0CFD /* mz_strm_zlib.h in Headers */ = {isa = PBXBuildFile; fileRef = 3883778120365FA100AF5090 /* mz_strm_zlib.h */; };
		38841C1D203E1440000F0CFD /* mz_strm.c in Sources */ = {isa = PBXBuildFile; fileRef = 3883777020365FA000AF5090 /* mz_strm.c */; };
		38841C1E203E1440000F0CFD /* mz_strm.h in Headers */ = {isa = PBXBuildFile; fileRef = 3883777420365FA000AF5090 /* mz_strm.h */; };
		38841C1F203E1440000F0CFD /* mz_zip.c in Sources */ = {isa = PBXBuildFile; fileRef = 3883776820365FA000AF5090 /* mz_zip.c */; };
		38841C20203E1440000F0CFD /* mz_zip.h in Headers */ = {isa = PBXBuildFile; fileRef = 3883776A20365FA000AF5090 /* mz_zip.h */; };
		38841C21203E1440000F0CFD /* mz.h in Headers */ = {isa = PBXBuildFile; fileRef = 3883776B20365FA000AF5090 /* mz.h */; };
		38841C22203E1441000F0CFD /* mz_os_posix.c in Sources */ = {isa = PBXBuildFile; fileRef = 3883777620365FA000AF5090 /* mz_os_posix.c */; };
		38841C23203E1441000F0CFD /* mz_os_posix.h in Headers */ = {isa = PBXBuildFile; fileRef = 3883777F20365FA000AF5090 /* mz_os_posix.h */; };
		38841C24203E1441000F0CFD /* mz_os.c in Sources */ = {isa = PBXBuildFile; fileRef = 3883777320365FA000AF5090 /* mz_os.c */; };
		38841C25203E1441000F0CFD /* mz_os.h in Headers */ = {isa = PBXBuildFile; fileRef = 3883777D20365FA000AF5090 /* mz_os.h */; };
		38841C26203E1441000F0CFD /* mz_strm_aes.c in Sources */ = {isa = PBXBuildFile; fileRef = 3883777E20365FA000AF5090 /* mz_strm_aes.c */; };
		38841C27203E1441000F0CFD /* mz_strm_aes.h in Headers */ = {isa = PBXBuildFile; fileRef = 3883776F20365FA000AF5090 /* mz_strm_aes.h */; };
		38841C28203E1441000F0CFD /* mz_strm_buf.c in Sources */ = {isa = PBXBuildFile; fileRef = 3883777A20365FA000AF5090 /* mz_strm_buf.c */; };
		38841C29203E1441000F0CFD /* mz_strm_buf.h in Headers */ = {isa = PBXBuildFile; fileRef = 3883776E20365FA000AF5090 /* mz_strm_buf.h */; };
		38841C2A203E1441000F0CFD /* mz_strm_crypt.c in Sources */ = {isa = PBXBuildFile; fileRef = 3883777820365FA000AF5090 /* mz_strm_crypt.c */; };
		38841C2B203E1441000F0CFD /* mz_strm_crypt.h in Headers */ = {isa = PBXBuildFile; fileRef = 3883777C20365FA000AF5090 /* mz_strm_crypt.h */; };
		38841C2C203E1441000F0CFD /* mz_strm_mem.c in Sources */ = {isa = PBXBuildFile; fileRef = 3883778520365FA100AF5090 /* mz_strm_mem.c */; };
		38841C2D203E1441000F0CFD /* mz_strm_mem.h in Headers */ = {isa = PBXBuildFile; fileRef = 3883777720365FA000AF5090 /* mz_strm_mem.h */; };
		38841C2E203E1441000F0CFD /* mz_strm_posix.c in Sources */ = {isa = PBXBuildFile; fileRef = 3883777B20365FA000AF5090 /* mz_strm_posix.c */; };
		38841C2F203E1441000F0CFD /* mz_strm_posix.h in Headers */ = {isa = PBXBuildFile; fileRef = 3883778220365FA100AF5090 /* mz_strm_posix.h */; };
		38841C30203E1441000F0CFD /* mz_strm_split.c in Sources */ = {isa = PBXBuildFile; fileRef = 3883777520365FA000AF5090 /* mz_strm_split.c */; };
		38841C31203E1441000F0CFD /* mz_strm_split.h in Headers */ = {isa = PBXBuildFile; fileRef = 3883776D20365FA000AF5090 /* mz_strm_split.h */; };
		38841C32203E1441000F0CFD /* mz_strm_zlib.c in Sources */ = {isa = PBXBuildFile; fileRef = 3883776C20365FA000AF5090 /* mz_strm_zlib.c */; };
		38841C33203E1441000F0CFD /* mz_strm_zlib.h in Headers */ = {isa = PBXBuildFile; fileRef = 3883778120365FA100AF5090 /* mz_strm_zlib.h */; };
		38841C34203E1441000F0CFD /* mz_strm.c in Sources */ = {isa = PBXBuildFile; fileRef = 3883777020365FA000AF5090 /* mz_strm.c */; };
		38841C35203E1441000F0CFD /* mz_strm.h in Headers */ = {isa = PBXBuildFile; fileRef = 3883777420365FA000AF5090 /* mz_strm.h */; };
		38841C36203E1441000F0CFD /* mz_zip.c in Sources */ = {isa = PBXBuildFile; fileRef = 3883776820365FA000AF5090 /* mz_zip.c */; };
		38841C37203E1441000F0CFD /* mz_zip.h in Headers */ = {isa = PBXBuildFile; fileRef = 3883776A20365FA000AF5090 /* mz_zip.h */; };
		38841C38203E1441000F0CFD /* mz.h in Headers */ = {isa = PBXBuildFile; fileRef = 3883776B20365FA000AF5090 /* mz.h */; };
		AFF75A2D1C3727F000F450AC /* ZipArchive.h in Headers */ = {isa = PBXBuildFile; fileRef = B423AE4A1C0DF7950004A2F1 /* ZipArchive.h */; settings = {ATTRIBUTES = (Public, ); }; };
		AFF75A2E1C37280200F450AC /* SSZipArchive.h in Headers */ = {isa = PBXBuildFile; fileRef = B423AE481C0DF7950004A2F1 /* SSZipArchive.h */; settings = {ATTRIBUTES = (Public, ); }; };
		AFF75A2F1C37280200F450AC /* SSZipArchive.m in Sources */ = {isa = PBXBuildFile; fileRef = B423AE491C0DF7950004A2F1 /* SSZipArchive.m */; };
		AFF75A511C3728F000F450AC /* libz.tbd in Frameworks */ = {isa = PBXBuildFile; fileRef = B423AE6E1C0DF83F0004A2F1 /* libz.tbd */; };
		B423AE6B1C0DF7950004A2F1 /* SSZipArchive.h in Headers */ = {isa = PBXBuildFile; fileRef = B423AE481C0DF7950004A2F1 /* SSZipArchive.h */; settings = {ATTRIBUTES = (Public, ); }; };
		B423AE6C1C0DF7950004A2F1 /* SSZipArchive.m in Sources */ = {isa = PBXBuildFile; fileRef = B423AE491C0DF7950004A2F1 /* SSZipArchive.m */; };
		B423AE6D1C0DF7950004A2F1 /* ZipArchive.h in Headers */ = {isa = PBXBuildFile; fileRef = B423AE4A1C0DF7950004A2F1 /* ZipArchive.h */; settings = {ATTRIBUTES = (Public, ); }; };
		B423AE6F1C0DF83F0004A2F1 /* libz.tbd in Frameworks */ = {isa = PBXBuildFile; fileRef = B423AE6E1C0DF83F0004A2F1 /* libz.tbd */; };
/* End PBXBuildFile section */

/* Begin PBXFileReference section */
		373913E71F0009310094DB3B /* aes.h */ = {isa = PBXFileReference; lastKnownFileType = sourcecode.c.h; path = aes.h; sourceTree = "<group>"; };
		373913E81F0009310094DB3B /* aes_ni.c */ = {isa = PBXFileReference; lastKnownFileType = sourcecode.c.c; path = aes_ni.c; sourceTree = "<group>"; };
		373913E91F0009310094DB3B /* aes_ni.h */ = {isa = PBXFileReference; lastKnownFileType = sourcecode.c.h; path = aes_ni.h; sourceTree = "<group>"; };
		373913EA1F0009310094DB3B /* aescrypt.c */ = {isa = PBXFileReference; lastKnownFileType = sourcecode.c.c; path = aescrypt.c; sourceTree = "<group>"; };
		373913EB1F0009310094DB3B /* aeskey.c */ = {isa = PBXFileReference; lastKnownFileType = sourcecode.c.c; path = aeskey.c; sourceTree = "<group>"; };
		373913EC1F0009310094DB3B /* aesopt.h */ = {isa = PBXFileReference; lastKnownFileType = sourcecode.c.h; path = aesopt.h; sourceTree = "<group>"; };
		373913ED1F0009310094DB3B /* aestab.c */ = {isa = PBXFileReference; lastKnownFileType = sourcecode.c.c; path = aestab.c; sourceTree = "<group>"; };
		373913EE1F0009310094DB3B /* aestab.h */ = {isa = PBXFileReference; lastKnownFileType = sourcecode.c.h; path = aestab.h; sourceTree = "<group>"; };
		373913EF1F0009310094DB3B /* brg_endian.h */ = {isa = PBXFileReference; lastKnownFileType = sourcecode.c.h; path = brg_endian.h; sourceTree = "<group>"; };
		373913F01F0009310094DB3B /* brg_types.h */ = {isa = PBXFileReference; lastKnownFileType = sourcecode.c.h; path = brg_types.h; sourceTree = "<group>"; };
		373913F11F0009310094DB3B /* fileenc.c */ = {isa = PBXFileReference; lastKnownFileType = sourcecode.c.c; path = fileenc.c; sourceTree = "<group>"; };
		373913F21F0009310094DB3B /* fileenc.h */ = {isa = PBXFileReference; lastKnownFileType = sourcecode.c.h; path = fileenc.h; sourceTree = "<group>"; };
		373913F31F0009310094DB3B /* hmac.c */ = {isa = PBXFileReference; lastKnownFileType = sourcecode.c.c; path = hmac.c; sourceTree = "<group>"; };
		373913F41F0009310094DB3B /* hmac.h */ = {isa = PBXFileReference; lastKnownFileType = sourcecode.c.h; path = hmac.h; sourceTree = "<group>"; };
		373913F51F0009310094DB3B /* prng.c */ = {isa = PBXFileReference; lastKnownFileType = sourcecode.c.c; path = prng.c; sourceTree = "<group>"; };
		373913F61F0009310094DB3B /* prng.h */ = {isa = PBXFileReference; lastKnownFileType = sourcecode.c.h; path = prng.h; sourceTree = "<group>"; };
		373913F71F0009310094DB3B /* pwd2key.c */ = {isa = PBXFileReference; lastKnownFileType = sourcecode.c.c; path = pwd2key.c; sourceTree = "<group>"; };
		373913F81F0009310094DB3B /* pwd2key.h */ = {isa = PBXFileReference; lastKnownFileType = sourcecode.c.h; path = pwd2key.h; sourceTree = "<group>"; };
		373913F91F0009310094DB3B /* sha1.c */ = {isa = PBXFileReference; lastKnownFileType = sourcecode.c.c; path = sha1.c; sourceTree = "<group>"; };
		373913FA1F0009310094DB3B /* sha1.h */ = {isa = PBXFileReference; lastKnownFileType = sourcecode.c.h; path = sha1.h; sourceTree = "<group>"; };
		37952C261F63B50D00DD6677 /* ZipArchive.framework */ = {isa = PBXFileReference; explicitFileType = wrapper.framework; includeInIndex = 0; path = ZipArchive.framework; sourceTree = BUILT_PRODUCTS_DIR; };
		37952C5E1F63BB7100DD6677 /* ZipArchive.framework */ = {isa = PBXFileReference; explicitFileType = wrapper.framework; includeInIndex = 0; path = ZipArchive.framework; sourceTree = BUILT_PRODUCTS_DIR; };
		3883776820365FA000AF5090 /* mz_zip.c */ = {isa = PBXFileReference; fileEncoding = 4; lastKnownFileType = sourcecode.c.c; path = mz_zip.c; sourceTree = "<group>"; };
		3883776A20365FA000AF5090 /* mz_zip.h */ = {isa = PBXFileReference; fileEncoding = 4; lastKnownFileType = sourcecode.c.h; path = mz_zip.h; sourceTree = "<group>"; };
		3883776B20365FA000AF5090 /* mz.h */ = {isa = PBXFileReference; fileEncoding = 4; lastKnownFileType = sourcecode.c.h; path = mz.h; sourceTree = "<group>"; };
		3883776C20365FA000AF5090 /* mz_strm_zlib.c */ = {isa = PBXFileReference; fileEncoding = 4; lastKnownFileType = sourcecode.c.c; path = mz_strm_zlib.c; sourceTree = "<group>"; };
		3883776D20365FA000AF5090 /* mz_strm_split.h */ = {isa = PBXFileReference; fileEncoding = 4; lastKnownFileType = sourcecode.c.h; path = mz_strm_split.h; sourceTree = "<group>"; };
		3883776E20365FA000AF5090 /* mz_strm_buf.h */ = {isa = PBXFileReference; fileEncoding = 4; lastKnownFileType = sourcecode.c.h; path = mz_strm_buf.h; sourceTree = "<group>"; };
		3883776F20365FA000AF5090 /* mz_strm_aes.h */ = {isa = PBXFileReference; fileEncoding = 4; lastKnownFileType = sourcecode.c.h; path = mz_strm_aes.h; sourceTree = "<group>"; };
		3883777020365FA000AF5090 /* mz_strm.c */ = {isa = PBXFileReference; fileEncoding = 4; lastKnownFileType = sourcecode.c.c; path = mz_strm.c; sourceTree = "<group>"; };
		3883777320365FA000AF5090 /* mz_os.c */ = {isa = PBXFileReference; fileEncoding = 4; lastKnownFileType = sourcecode.c.c; path = mz_os.c; sourceTree = "<group>"; };
		3883777420365FA000AF5090 /* mz_strm.h */ = {isa = PBXFileReference; fileEncoding = 4; lastKnownFileType = sourcecode.c.h; path = mz_strm.h; sourceTree = "<group>"; };
		3883777520365FA000AF5090 /* mz_strm_split.c */ = {isa = PBXFileReference; fileEncoding = 4; lastKnownFileType = sourcecode.c.c; path = mz_strm_split.c; sourceTree = "<group>"; };
		3883777620365FA000AF5090 /* mz_os_posix.c */ = {isa = PBXFileReference; fileEncoding = 4; lastKnownFileType = sourcecode.c.c; path = mz_os_posix.c; sourceTree = "<group>"; };
		3883777720365FA000AF5090 /* mz_strm_mem.h */ = {isa = PBXFileReference; fileEncoding = 4; lastKnownFileType = sourcecode.c.h; path = mz_strm_mem.h; sourceTree = "<group>"; };
		3883777820365FA000AF5090 /* mz_strm_crypt.c */ = {isa = PBXFileReference; fileEncoding = 4; lastKnownFileType = sourcecode.c.c; path = mz_strm_crypt.c; sourceTree = "<group>"; };
		3883777A20365FA000AF5090 /* mz_strm_buf.c */ = {isa = PBXFileReference; fileEncoding = 4; lastKnownFileType = sourcecode.c.c; path = mz_strm_buf.c; sourceTree = "<group>"; };
		3883777B20365FA000AF5090 /* mz_strm_posix.c */ = {isa = PBXFileReference; fileEncoding = 4; lastKnownFileType = sourcecode.c.c; path = mz_strm_posix.c; sourceTree = "<group>"; };
		3883777C20365FA000AF5090 /* mz_strm_crypt.h */ = {isa = PBXFileReference; fileEncoding = 4; lastKnownFileType = sourcecode.c.h; path = mz_strm_crypt.h; sourceTree = "<group>"; };
		3883777D20365FA000AF5090 /* mz_os.h */ = {isa = PBXFileReference; fileEncoding = 4; lastKnownFileType = sourcecode.c.h; path = mz_os.h; sourceTree = "<group>"; };
		3883777E20365FA000AF5090 /* mz_strm_aes.c */ = {isa = PBXFileReference; fileEncoding = 4; lastKnownFileType = sourcecode.c.c; path = mz_strm_aes.c; sourceTree = "<group>"; };
		3883777F20365FA000AF5090 /* mz_os_posix.h */ = {isa = PBXFileReference; fileEncoding = 4; lastKnownFileType = sourcecode.c.h; path = mz_os_posix.h; sourceTree = "<group>"; };
		3883778120365FA100AF5090 /* mz_strm_zlib.h */ = {isa = PBXFileReference; fileEncoding = 4; lastKnownFileType = sourcecode.c.h; path = mz_strm_zlib.h; sourceTree = "<group>"; };
		3883778220365FA100AF5090 /* mz_strm_posix.h */ = {isa = PBXFileReference; fileEncoding = 4; lastKnownFileType = sourcecode.c.h; path = mz_strm_posix.h; sourceTree = "<group>"; };
		3883778520365FA100AF5090 /* mz_strm_mem.c */ = {isa = PBXFileReference; fileEncoding = 4; lastKnownFileType = sourcecode.c.c; path = mz_strm_mem.c; sourceTree = "<group>"; };
		38841BE5203E010E000F0CFD /* mz_compat.h */ = {isa = PBXFileReference; fileEncoding = 4; lastKnownFileType = sourcecode.c.h; path = mz_compat.h; sourceTree = "<group>"; };
		38841BE6203E010E000F0CFD /* mz_compat.c */ = {isa = PBXFileReference; fileEncoding = 4; lastKnownFileType = sourcecode.c.c; path = mz_compat.c; sourceTree = "<group>"; };
		AFF75A241C37279600F450AC /* ZipArchive.framework */ = {isa = PBXFileReference; explicitFileType = wrapper.framework; includeInIndex = 0; path = ZipArchive.framework; sourceTree = BUILT_PRODUCTS_DIR; };
		B423AE1A1C0DF76A0004A2F1 /* ZipArchive.framework */ = {isa = PBXFileReference; explicitFileType = wrapper.framework; includeInIndex = 0; path = ZipArchive.framework; sourceTree = BUILT_PRODUCTS_DIR; };
		B423AE3D1C0DF7950004A2F1 /* Info.plist */ = {isa = PBXFileReference; fileEncoding = 4; lastKnownFileType = text.plist.xml; path = Info.plist; sourceTree = "<group>"; };
		B423AE481C0DF7950004A2F1 /* SSZipArchive.h */ = {isa = PBXFileReference; fileEncoding = 4; lastKnownFileType = sourcecode.c.h; path = SSZipArchive.h; sourceTree = "<group>"; };
		B423AE491C0DF7950004A2F1 /* SSZipArchive.m */ = {isa = PBXFileReference; fileEncoding = 4; lastKnownFileType = sourcecode.c.objc; path = SSZipArchive.m; sourceTree = "<group>"; };
		B423AE4A1C0DF7950004A2F1 /* ZipArchive.h */ = {isa = PBXFileReference; fileEncoding = 4; lastKnownFileType = sourcecode.c.h; path = ZipArchive.h; sourceTree = "<group>"; };
		B423AE6E1C0DF83F0004A2F1 /* libz.tbd */ = {isa = PBXFileReference; lastKnownFileType = "sourcecode.text-based-dylib-definition"; name = libz.tbd; path = usr/lib/libz.tbd; sourceTree = SDKROOT; };
/* End PBXFileReference section */

/* Begin PBXFrameworksBuildPhase section */
		37952C221F63B50D00DD6677 /* Frameworks */ = {
			isa = PBXFrameworksBuildPhase;
			buildActionMask = 2147483647;
			files = (
				37952C351F63B75B00DD6677 /* libz.tbd in Frameworks */,
			);
			runOnlyForDeploymentPostprocessing = 0;
		};
		37952C5A1F63BB7100DD6677 /* Frameworks */ = {
			isa = PBXFrameworksBuildPhase;
			buildActionMask = 2147483647;
			files = (
				37952C8C1F63BBED00DD6677 /* libz.tbd in Frameworks */,
			);
			runOnlyForDeploymentPostprocessing = 0;
		};
		AFF75A201C37279600F450AC /* Frameworks */ = {
			isa = PBXFrameworksBuildPhase;
			buildActionMask = 2147483647;
			files = (
				AFF75A511C3728F000F450AC /* libz.tbd in Frameworks */,
			);
			runOnlyForDeploymentPostprocessing = 0;
		};
		B423AE161C0DF76A0004A2F1 /* Frameworks */ = {
			isa = PBXFrameworksBuildPhase;
			buildActionMask = 2147483647;
			files = (
				B423AE6F1C0DF83F0004A2F1 /* libz.tbd in Frameworks */,
			);
			runOnlyForDeploymentPostprocessing = 0;
		};
/* End PBXFrameworksBuildPhase section */

/* Begin PBXGroup section */
		373913E61F0009310094DB3B /* aes */ = {
			isa = PBXGroup;
			children = (
				373913E71F0009310094DB3B /* aes.h */,
				373913E81F0009310094DB3B /* aes_ni.c */,
				373913E91F0009310094DB3B /* aes_ni.h */,
				373913EA1F0009310094DB3B /* aescrypt.c */,
				373913EB1F0009310094DB3B /* aeskey.c */,
				373913EC1F0009310094DB3B /* aesopt.h */,
				373913ED1F0009310094DB3B /* aestab.c */,
				373913EE1F0009310094DB3B /* aestab.h */,
				373913EF1F0009310094DB3B /* brg_endian.h */,
				373913F01F0009310094DB3B /* brg_types.h */,
				373913F11F0009310094DB3B /* fileenc.c */,
				373913F21F0009310094DB3B /* fileenc.h */,
				373913F31F0009310094DB3B /* hmac.c */,
				373913F41F0009310094DB3B /* hmac.h */,
				373913F51F0009310094DB3B /* prng.c */,
				373913F61F0009310094DB3B /* prng.h */,
				373913F71F0009310094DB3B /* pwd2key.c */,
				373913F81F0009310094DB3B /* pwd2key.h */,
				373913F91F0009310094DB3B /* sha1.c */,
				373913FA1F0009310094DB3B /* sha1.h */,
			);
			path = aes;
			sourceTree = "<group>";
		};
		B423AE101C0DF76A0004A2F1 = {
			isa = PBXGroup;
			children = (
				B423AE6E1C0DF83F0004A2F1 /* libz.tbd */,
				B423AE251C0DF7950004A2F1 /* SSZipArchive */,
				B423AE1B1C0DF76A0004A2F1 /* Products */,
			);
			sourceTree = "<group>";
		};
		B423AE1B1C0DF76A0004A2F1 /* Products */ = {
			isa = PBXGroup;
			children = (
				B423AE1A1C0DF76A0004A2F1 /* ZipArchive.framework */,
				AFF75A241C37279600F450AC /* ZipArchive.framework */,
				37952C261F63B50D00DD6677 /* ZipArchive.framework */,
				37952C5E1F63BB7100DD6677 /* ZipArchive.framework */,
			);
			name = Products;
			sourceTree = "<group>";
		};
		B423AE251C0DF7950004A2F1 /* SSZipArchive */ = {
			isa = PBXGroup;
			children = (
				B423AE3D1C0DF7950004A2F1 /* Info.plist */,
				B423AE3E1C0DF7950004A2F1 /* minizip */,
				B423AE481C0DF7950004A2F1 /* SSZipArchive.h */,
				B423AE491C0DF7950004A2F1 /* SSZipArchive.m */,
				B423AE4A1C0DF7950004A2F1 /* ZipArchive.h */,
			);
			path = SSZipArchive;
			sourceTree = "<group>";
		};
		B423AE3E1C0DF7950004A2F1 /* minizip */ = {
			isa = PBXGroup;
			children = (
				38841BE6203E010E000F0CFD /* mz_compat.c */,
				38841BE5203E010E000F0CFD /* mz_compat.h */,
				3883777620365FA000AF5090 /* mz_os_posix.c */,
				3883777F20365FA000AF5090 /* mz_os_posix.h */,
				3883777320365FA000AF5090 /* mz_os.c */,
				3883777D20365FA000AF5090 /* mz_os.h */,
				3883777E20365FA000AF5090 /* mz_strm_aes.c */,
				3883776F20365FA000AF5090 /* mz_strm_aes.h */,
				3883777A20365FA000AF5090 /* mz_strm_buf.c */,
				3883776E20365FA000AF5090 /* mz_strm_buf.h */,
				3883777820365FA000AF5090 /* mz_strm_crypt.c */,
				3883777C20365FA000AF5090 /* mz_strm_crypt.h */,
				3883778520365FA100AF5090 /* mz_strm_mem.c */,
				3883777720365FA000AF5090 /* mz_strm_mem.h */,
				3883777B20365FA000AF5090 /* mz_strm_posix.c */,
				3883778220365FA100AF5090 /* mz_strm_posix.h */,
				3883777520365FA000AF5090 /* mz_strm_split.c */,
				3883776D20365FA000AF5090 /* mz_strm_split.h */,
				3883776C20365FA000AF5090 /* mz_strm_zlib.c */,
				3883778120365FA100AF5090 /* mz_strm_zlib.h */,
				3883777020365FA000AF5090 /* mz_strm.c */,
				3883777420365FA000AF5090 /* mz_strm.h */,
				3883776820365FA000AF5090 /* mz_zip.c */,
				3883776A20365FA000AF5090 /* mz_zip.h */,
				3883776B20365FA000AF5090 /* mz.h */,
				373913E61F0009310094DB3B /* aes */,
			);
			path = minizip;
			sourceTree = "<group>";
		};
/* End PBXGroup section */

/* Begin PBXHeadersBuildPhase section */
		37952C231F63B50D00DD6677 /* Headers */ = {
			isa = PBXHeadersBuildPhase;
			buildActionMask = 2147483647;
			files = (
				38841C0C203E1440000F0CFD /* mz_os_posix.h in Headers */,
				37952C4D1F63B7A000DD6677 /* brg_types.h in Headers */,
				38841C18203E1440000F0CFD /* mz_strm_posix.h in Headers */,
				37952C551F63B7A000DD6677 /* pwd2key.h in Headers */,
				37952C441F63B79900DD6677 /* aes.h in Headers */,
				37952C321F63B6FB00DD6677 /* SSZipArchive.h in Headers */,
				38841C1A203E1440000F0CFD /* mz_strm_split.h in Headers */,
				38841C0E203E1440000F0CFD /* mz_os.h in Headers */,
				37952C4C1F63B7A000DD6677 /* brg_endian.h in Headers */,
				37952C491F63B7A000DD6677 /* aesopt.h in Headers */,
				38841C1C203E1440000F0CFD /* mz_strm_zlib.h in Headers */,
				38841C1E203E1440000F0CFD /* mz_strm.h in Headers */,
				37952C571F63B7A000DD6677 /* sha1.h in Headers */,
				38841C14203E1440000F0CFD /* mz_strm_crypt.h in Headers */,
				38841BE9203E010E000F0CFD /* mz_compat.h in Headers */,
				38841C10203E1440000F0CFD /* mz_strm_aes.h in Headers */,
				38841C20203E1440000F0CFD /* mz_zip.h in Headers */,
				38841C12203E1440000F0CFD /* mz_strm_buf.h in Headers */,
				38841C16203E1440000F0CFD /* mz_strm_mem.h in Headers */,
				38841C21203E1440000F0CFD /* mz.h in Headers */,
				37952C511F63B7A000DD6677 /* hmac.h in Headers */,
				37952C4B1F63B7A000DD6677 /* aestab.h in Headers */,
				37952C461F63B7A000DD6677 /* aes_ni.h in Headers */,
				37952C531F63B7A000DD6677 /* prng.h in Headers */,
				37952C4F1F63B7A000DD6677 /* fileenc.h in Headers */,
				37952C341F63B71400DD6677 /* ZipArchive.h in Headers */,
			);
			runOnlyForDeploymentPostprocessing = 0;
		};
		37952C5B1F63BB7100DD6677 /* Headers */ = {
			isa = PBXHeadersBuildPhase;
			buildActionMask = 2147483647;
			files = (
				38841C23203E1441000F0CFD /* mz_os_posix.h in Headers */,
				37952C791F63BBC000DD6677 /* aesopt.h in Headers */,
				38841C2F203E1441000F0CFD /* mz_strm_posix.h in Headers */,
				37952C851F63BBC000DD6677 /* pwd2key.h in Headers */,
				37952C7F1F63BBC000DD6677 /* fileenc.h in Headers */,
				37952C831F63BBC000DD6677 /* prng.h in Headers */,
				38841C31203E1441000F0CFD /* mz_strm_split.h in Headers */,
				38841C25203E1441000F0CFD /* mz_os.h in Headers */,
				37952C7D1F63BBC000DD6677 /* brg_types.h in Headers */,
				37952C881F63BBD500DD6677 /* SSZipArchive.h in Headers */,
				38841C33203E1441000F0CFD /* mz_strm_zlib.h in Headers */,
				38841C35203E1441000F0CFD /* mz_strm.h in Headers */,
				37952C761F63BBC000DD6677 /* aes_ni.h in Headers */,
				38841C2B203E1441000F0CFD /* mz_strm_crypt.h in Headers */,
				38841BEA203E010E000F0CFD /* mz_compat.h in Headers */,
				38841C27203E1441000F0CFD /* mz_strm_aes.h in Headers */,
				38841C37203E1441000F0CFD /* mz_zip.h in Headers */,
				38841C29203E1441000F0CFD /* mz_strm_buf.h in Headers */,
				38841C2D203E1441000F0CFD /* mz_strm_mem.h in Headers */,
				38841C38203E1441000F0CFD /* mz.h in Headers */,
				37952C8B1F63BBE400DD6677 /* ZipArchive.h in Headers */,
				37952C741F63BBC000DD6677 /* aes.h in Headers */,
				37952C811F63BBC000DD6677 /* hmac.h in Headers */,
				37952C871F63BBC000DD6677 /* sha1.h in Headers */,
				37952C7B1F63BBC000DD6677 /* aestab.h in Headers */,
				37952C7C1F63BBC000DD6677 /* brg_endian.h in Headers */,
			);
			runOnlyForDeploymentPostprocessing = 0;
		};
		AFF75A211C37279600F450AC /* Headers */ = {
			isa = PBXHeadersBuildPhase;
			buildActionMask = 2147483647;
			files = (
				38841BF5203E143F000F0CFD /* mz_os_posix.h in Headers */,
				3739142B1F000A000094DB3B /* brg_types.h in Headers */,
				38841C01203E143F000F0CFD /* mz_strm_posix.h in Headers */,
				373914331F000A000094DB3B /* pwd2key.h in Headers */,
				373914111F0009E90094DB3B /* aes.h in Headers */,
				3739142A1F000A000094DB3B /* brg_endian.h in Headers */,
				38841C03203E143F000F0CFD /* mz_strm_split.h in Headers */,
				38841BF7203E143F000F0CFD /* mz_os.h in Headers */,
				373914271F000A000094DB3B /* aesopt.h in Headers */,
				AFF75A2D1C3727F000F450AC /* ZipArchive.h in Headers */,
				38841C05203E143F000F0CFD /* mz_strm_zlib.h in Headers */,
				38841C07203E143F000F0CFD /* mz_strm.h in Headers */,
				373914351F000A000094DB3B /* sha1.h in Headers */,
				38841BFD203E143F000F0CFD /* mz_strm_crypt.h in Headers */,
				38841BE8203E010E000F0CFD /* mz_compat.h in Headers */,
				38841BF9203E143F000F0CFD /* mz_strm_aes.h in Headers */,
				38841C09203E143F000F0CFD /* mz_zip.h in Headers */,
				38841BFB203E143F000F0CFD /* mz_strm_buf.h in Headers */,
				38841BFF203E143F000F0CFD /* mz_strm_mem.h in Headers */,
				38841C0A203E143F000F0CFD /* mz.h in Headers */,
				AFF75A2E1C37280200F450AC /* SSZipArchive.h in Headers */,
				3739142F1F000A000094DB3B /* hmac.h in Headers */,
				373914291F000A000094DB3B /* aestab.h in Headers */,
				373914131F0009F20094DB3B /* aes_ni.h in Headers */,
				373914311F000A000094DB3B /* prng.h in Headers */,
				3739142D1F000A000094DB3B /* fileenc.h in Headers */,
			);
			runOnlyForDeploymentPostprocessing = 0;
		};
		B423AE171C0DF76A0004A2F1 /* Headers */ = {
			isa = PBXHeadersBuildPhase;
			buildActionMask = 2147483647;
			files = (
				3739141A1F0009FF0094DB3B /* brg_types.h in Headers */,
				3883779520365FA100AF5090 /* mz_strm.h in Headers */,
				38841BE7203E010E000F0CFD /* mz_compat.h in Headers */,
				3883779820365FA100AF5090 /* mz_strm_mem.h in Headers */,
				388377A020365FA100AF5090 /* mz_os_posix.h in Headers */,
				388377A220365FA100AF5090 /* mz_strm_zlib.h in Headers */,
				3883778C20365FA100AF5090 /* mz.h in Headers */,
				3883779020365FA100AF5090 /* mz_strm_aes.h in Headers */,
				373914221F0009FF0094DB3B /* pwd2key.h in Headers */,
				373914101F0009E80094DB3B /* aes.h in Headers */,
				B423AE6D1C0DF7950004A2F1 /* ZipArchive.h in Headers */,
				373914191F0009FF0094DB3B /* brg_endian.h in Headers */,
				373914161F0009FF0094DB3B /* aesopt.h in Headers */,
				B423AE6B1C0DF7950004A2F1 /* SSZipArchive.h in Headers */,
				373914241F0009FF0094DB3B /* sha1.h in Headers */,
				3739141E1F0009FF0094DB3B /* hmac.h in Headers */,
				373914181F0009FF0094DB3B /* aestab.h in Headers */,
				373914121F0009F20094DB3B /* aes_ni.h in Headers */,
				3883778F20365FA100AF5090 /* mz_strm_buf.h in Headers */,
				3883779E20365FA100AF5090 /* mz_os.h in Headers */,
				388377A320365FA100AF5090 /* mz_strm_posix.h in Headers */,
				3883779D20365FA100AF5090 /* mz_strm_crypt.h in Headers */,
				3883778E20365FA100AF5090 /* mz_strm_split.h in Headers */,
				3883778B20365FA100AF5090 /* mz_zip.h in Headers */,
				373914201F0009FF0094DB3B /* prng.h in Headers */,
				3739141C1F0009FF0094DB3B /* fileenc.h in Headers */,
			);
			runOnlyForDeploymentPostprocessing = 0;
		};
/* End PBXHeadersBuildPhase section */

/* Begin PBXNativeTarget section */
		37952C251F63B50D00DD6677 /* ZipArchive-tvos */ = {
			isa = PBXNativeTarget;
			buildConfigurationList = 37952C2D1F63B50D00DD6677 /* Build configuration list for PBXNativeTarget "ZipArchive-tvos" */;
			buildPhases = (
				37952C211F63B50D00DD6677 /* Sources */,
				37952C221F63B50D00DD6677 /* Frameworks */,
				37952C231F63B50D00DD6677 /* Headers */,
				37952C241F63B50D00DD6677 /* Resources */,
			);
			buildRules = (
			);
			dependencies = (
			);
			name = "ZipArchive-tvos";
			productName = ZipArchive;
			productReference = 37952C261F63B50D00DD6677 /* ZipArchive.framework */;
			productType = "com.apple.product-type.framework";
		};
		37952C5D1F63BB7100DD6677 /* ZipArchive-watchos */ = {
			isa = PBXNativeTarget;
			buildConfigurationList = 37952C651F63BB7100DD6677 /* Build configuration list for PBXNativeTarget "ZipArchive-watchos" */;
			buildPhases = (
				37952C591F63BB7100DD6677 /* Sources */,
				37952C5A1F63BB7100DD6677 /* Frameworks */,
				37952C5B1F63BB7100DD6677 /* Headers */,
				37952C5C1F63BB7100DD6677 /* Resources */,
			);
			buildRules = (
			);
			dependencies = (
			);
			name = "ZipArchive-watchos";
			productName = ZipArchive;
			productReference = 37952C5E1F63BB7100DD6677 /* ZipArchive.framework */;
			productType = "com.apple.product-type.framework";
		};
		AFF75A231C37279600F450AC /* ZipArchive-Mac */ = {
			isa = PBXNativeTarget;
			buildConfigurationList = AFF75A291C37279600F450AC /* Build configuration list for PBXNativeTarget "ZipArchive-Mac" */;
			buildPhases = (
				AFF75A1F1C37279600F450AC /* Sources */,
				AFF75A201C37279600F450AC /* Frameworks */,
				AFF75A211C37279600F450AC /* Headers */,
				AFF75A221C37279600F450AC /* Resources */,
			);
			buildRules = (
			);
			dependencies = (
			);
			name = "ZipArchive-Mac";
			productName = "ZipArchive-Mac";
			productReference = AFF75A241C37279600F450AC /* ZipArchive.framework */;
			productType = "com.apple.product-type.framework";
		};
		B423AE191C0DF76A0004A2F1 /* ZipArchive-iOS */ = {
			isa = PBXNativeTarget;
			buildConfigurationList = B423AE221C0DF76A0004A2F1 /* Build configuration list for PBXNativeTarget "ZipArchive-iOS" */;
			buildPhases = (
				B423AE151C0DF76A0004A2F1 /* Sources */,
				B423AE161C0DF76A0004A2F1 /* Frameworks */,
				B423AE171C0DF76A0004A2F1 /* Headers */,
				B423AE181C0DF76A0004A2F1 /* Resources */,
			);
			buildRules = (
			);
			dependencies = (
			);
			name = "ZipArchive-iOS";
			productName = ZipArchive;
			productReference = B423AE1A1C0DF76A0004A2F1 /* ZipArchive.framework */;
			productType = "com.apple.product-type.framework";
		};
/* End PBXNativeTarget section */

/* Begin PBXProject section */
		B423AE111C0DF76A0004A2F1 /* Project object */ = {
			isa = PBXProject;
			attributes = {
				LastSwiftUpdateCheck = 0730;
				LastUpgradeCheck = 0920;
				ORGANIZATIONNAME = smumryak;
				TargetAttributes = {
					37952C251F63B50D00DD6677 = {
						CreatedOnToolsVersion = 8.3.3;
					};
					37952C5D1F63BB7100DD6677 = {
						CreatedOnToolsVersion = 8.3.3;
					};
					AFF75A231C37279600F450AC = {
						CreatedOnToolsVersion = 7.2;
					};
					B423AE191C0DF76A0004A2F1 = {
						CreatedOnToolsVersion = 7.1.1;
						LastSwiftMigration = 0820;
					};
				};
			};
			buildConfigurationList = B423AE141C0DF76A0004A2F1 /* Build configuration list for PBXProject "ZipArchive" */;
			compatibilityVersion = "Xcode 3.2";
			developmentRegion = English;
			hasScannedForEncodings = 0;
			knownRegions = (
				en,
			);
			mainGroup = B423AE101C0DF76A0004A2F1;
			productRefGroup = B423AE1B1C0DF76A0004A2F1 /* Products */;
			projectDirPath = "";
			projectRoot = "";
			targets = (
				B423AE191C0DF76A0004A2F1 /* ZipArchive-iOS */,
				AFF75A231C37279600F450AC /* ZipArchive-Mac */,
				37952C251F63B50D00DD6677 /* ZipArchive-tvos */,
				37952C5D1F63BB7100DD6677 /* ZipArchive-watchos */,
			);
		};
/* End PBXProject section */

/* Begin PBXResourcesBuildPhase section */
		37952C241F63B50D00DD6677 /* Resources */ = {
			isa = PBXResourcesBuildPhase;
			buildActionMask = 2147483647;
			files = (
			);
			runOnlyForDeploymentPostprocessing = 0;
		};
		37952C5C1F63BB7100DD6677 /* Resources */ = {
			isa = PBXResourcesBuildPhase;
			buildActionMask = 2147483647;
			files = (
			);
			runOnlyForDeploymentPostprocessing = 0;
		};
		AFF75A221C37279600F450AC /* Resources */ = {
			isa = PBXResourcesBuildPhase;
			buildActionMask = 2147483647;
			files = (
			);
			runOnlyForDeploymentPostprocessing = 0;
		};
		B423AE181C0DF76A0004A2F1 /* Resources */ = {
			isa = PBXResourcesBuildPhase;
			buildActionMask = 2147483647;
			files = (
			);
			runOnlyForDeploymentPostprocessing = 0;
		};
/* End PBXResourcesBuildPhase section */

/* Begin PBXSourcesBuildPhase section */
		37952C211F63B50D00DD6677 /* Sources */ = {
			isa = PBXSourcesBuildPhase;
			buildActionMask = 2147483647;
			files = (
				38841C15203E1440000F0CFD /* mz_strm_mem.c in Sources */,
				38841C0B203E1440000F0CFD /* mz_os_posix.c in Sources */,
				37952C541F63B7A000DD6677 /* pwd2key.c in Sources */,
				37952C521F63B7A000DD6677 /* prng.c in Sources */,
				37952C561F63B7A000DD6677 /* sha1.c in Sources */,
				37952C4A1F63B7A000DD6677 /* aestab.c in Sources */,
				38841C11203E1440000F0CFD /* mz_strm_buf.c in Sources */,
				38841C19203E1440000F0CFD /* mz_strm_split.c in Sources */,
				37952C481F63B7A000DD6677 /* aeskey.c in Sources */,
				37952C4E1F63B7A000DD6677 /* fileenc.c in Sources */,
				37952C451F63B7A000DD6677 /* aes_ni.c in Sources */,
				38841C0F203E1440000F0CFD /* mz_strm_aes.c in Sources */,
				38841C1F203E1440000F0CFD /* mz_zip.c in Sources */,
				37952C501F63B7A000DD6677 /* hmac.c in Sources */,
				38841BED203E010E000F0CFD /* mz_compat.c in Sources */,
				37952C331F63B70000DD6677 /* SSZipArchive.m in Sources */,
				38841C1B203E1440000F0CFD /* mz_strm_zlib.c in Sources */,
				38841C17203E1440000F0CFD /* mz_strm_posix.c in Sources */,
				38841C1D203E1440000F0CFD /* mz_strm.c in Sources */,
				38841C13203E1440000F0CFD /* mz_strm_crypt.c in Sources */,
				38841C0D203E1440000F0CFD /* mz_os.c in Sources */,
				37952C471F63B7A000DD6677 /* aescrypt.c in Sources */,
			);
			runOnlyForDeploymentPostprocessing = 0;
		};
		37952C591F63BB7100DD6677 /* Sources */ = {
			isa = PBXSourcesBuildPhase;
			buildActionMask = 2147483647;
			files = (
				38841C2C203E1441000F0CFD /* mz_strm_mem.c in Sources */,
				38841C22203E1441000F0CFD /* mz_os_posix.c in Sources */,
				37952C801F63BBC000DD6677 /* hmac.c in Sources */,
				37952C841F63BBC000DD6677 /* pwd2key.c in Sources */,
				37952C7E1F63BBC000DD6677 /* fileenc.c in Sources */,
				37952C891F63BBDA00DD6677 /* SSZipArchive.m in Sources */,
				38841C28203E1441000F0CFD /* mz_strm_buf.c in Sources */,
				38841C30203E1441000F0CFD /* mz_strm_split.c in Sources */,
				37952C7A1F63BBC000DD6677 /* aestab.c in Sources */,
				37952C861F63BBC000DD6677 /* sha1.c in Sources */,
				37952C751F63BBC000DD6677 /* aes_ni.c in Sources */,
				38841C26203E1441000F0CFD /* mz_strm_aes.c in Sources */,
				38841C36203E1441000F0CFD /* mz_zip.c in Sources */,
				37952C771F63BBC000DD6677 /* aescrypt.c in Sources */,
				38841BEE203E010E000F0CFD /* mz_compat.c in Sources */,
				37952C821F63BBC000DD6677 /* prng.c in Sources */,
				38841C32203E1441000F0CFD /* mz_strm_zlib.c in Sources */,
				38841C2E203E1441000F0CFD /* mz_strm_posix.c in Sources */,
				38841C34203E1441000F0CFD /* mz_strm.c in Sources */,
				38841C2A203E1441000F0CFD /* mz_strm_crypt.c in Sources */,
				38841C24203E1441000F0CFD /* mz_os.c in Sources */,
				37952C781F63BBC000DD6677 /* aeskey.c in Sources */,
			);
			runOnlyForDeploymentPostprocessing = 0;
		};
		AFF75A1F1C37279600F450AC /* Sources */ = {
			isa = PBXSourcesBuildPhase;
			buildActionMask = 2147483647;
			files = (
				38841BFE203E143F000F0CFD /* mz_strm_mem.c in Sources */,
				38841BF4203E143F000F0CFD /* mz_os_posix.c in Sources */,
				373914321F000A000094DB3B /* pwd2key.c in Sources */,
				373914301F000A000094DB3B /* prng.c in Sources */,
				373914341F000A000094DB3B /* sha1.c in Sources */,
				373914281F000A000094DB3B /* aestab.c in Sources */,
				38841BFA203E143F000F0CFD /* mz_strm_buf.c in Sources */,
				38841C02203E143F000F0CFD /* mz_strm_split.c in Sources */,
				373914261F000A000094DB3B /* aeskey.c in Sources */,
				3739142C1F000A000094DB3B /* fileenc.c in Sources */,
				3739140F1F0009E60094DB3B /* aes_ni.c in Sources */,
				38841BF8203E143F000F0CFD /* mz_strm_aes.c in Sources */,
				38841C08203E143F000F0CFD /* mz_zip.c in Sources */,
				3739142E1F000A000094DB3B /* hmac.c in Sources */,
				38841BEC203E010E000F0CFD /* mz_compat.c in Sources */,
				AFF75A2F1C37280200F450AC /* SSZipArchive.m in Sources */,
				38841C04203E143F000F0CFD /* mz_strm_zlib.c in Sources */,
				38841C00203E143F000F0CFD /* mz_strm_posix.c in Sources */,
				38841C06203E143F000F0CFD /* mz_strm.c in Sources */,
				38841BFC203E143F000F0CFD /* mz_strm_crypt.c in Sources */,
				38841BF6203E143F000F0CFD /* mz_os.c in Sources */,
				373914251F000A000094DB3B /* aescrypt.c in Sources */,
			);
			runOnlyForDeploymentPostprocessing = 0;
		};
		B423AE151C0DF76A0004A2F1 /* Sources */ = {
			isa = PBXSourcesBuildPhase;
			buildActionMask = 2147483647;
			files = (
				3739141D1F0009FF0094DB3B /* hmac.c in Sources */,
				3883779F20365FA100AF5090 /* mz_strm_aes.c in Sources */,
				3739140E1F0009E50094DB3B /* aes_ni.c in Sources */,
				373914211F0009FF0094DB3B /* pwd2key.c in Sources */,
				373914171F0009FF0094DB3B /* aestab.c in Sources */,
				373914151F0009FF0094DB3B /* aeskey.c in Sources */,
				3883779720365FA100AF5090 /* mz_os_posix.c in Sources */,
				373914141F0009FF0094DB3B /* aescrypt.c in Sources */,
				38841BEB203E010E000F0CFD /* mz_compat.c in Sources */,
				373914231F0009FF0094DB3B /* sha1.c in Sources */,
				3883779920365FA100AF5090 /* mz_strm_crypt.c in Sources */,
				3739141B1F0009FF0094DB3B /* fileenc.c in Sources */,
				3883779620365FA100AF5090 /* mz_strm_split.c in Sources */,
				3883779420365FA100AF5090 /* mz_os.c in Sources */,
				3883778D20365FA100AF5090 /* mz_strm_zlib.c in Sources */,
				3883779C20365FA100AF5090 /* mz_strm_posix.c in Sources */,
				3883779120365FA100AF5090 /* mz_strm.c in Sources */,
				3739141F1F0009FF0094DB3B /* prng.c in Sources */,
				3883778920365FA100AF5090 /* mz_zip.c in Sources */,
				B423AE6C1C0DF7950004A2F1 /* SSZipArchive.m in Sources */,
				3883779B20365FA100AF5090 /* mz_strm_buf.c in Sources */,
				388377A620365FA100AF5090 /* mz_strm_mem.c in Sources */,
			);
			runOnlyForDeploymentPostprocessing = 0;
		};
/* End PBXSourcesBuildPhase section */

/* Begin XCBuildConfiguration section */
		37952C2B1F63B50D00DD6677 /* Debug */ = {
			isa = XCBuildConfiguration;
			buildSettings = {
				CLANG_ANALYZER_NUMBER_OBJECT_CONVERSION = YES_AGGRESSIVE;
				CLANG_WARN_DOCUMENTATION_COMMENTS = YES;
				CLANG_WARN_UNREACHABLE_CODE = YES_AGGRESSIVE;
				CODE_SIGN_IDENTITY = "iPhone Developer";
				"CODE_SIGN_IDENTITY[sdk=appletvos*]" = "";
				"CODE_SIGN_IDENTITY[sdk=iphoneos*]" = "";
				DEFINES_MODULE = YES;
				DYLIB_COMPATIBILITY_VERSION = 1;
				DYLIB_CURRENT_VERSION = 1;
				DYLIB_INSTALL_NAME_BASE = "@rpath";
				INFOPLIST_FILE = SSZipArchive/Info.plist;
				INSTALL_PATH = "$(LOCAL_LIBRARY_DIR)/Frameworks";
				LD_RUNPATH_SEARCH_PATHS = "$(inherited) @executable_path/Frameworks @loader_path/Frameworks";
				PRODUCT_BUNDLE_IDENTIFIER = com.ziparchive.ZipArchive;
				PRODUCT_NAME = "$(PROJECT_NAME)";
				SDKROOT = appletvos;
				SKIP_INSTALL = YES;
				SWIFT_VERSION = 3.0;
				TARGETED_DEVICE_FAMILY = 3;
				TVOS_DEPLOYMENT_TARGET = 9.0;
			};
			name = Debug;
		};
		37952C2C1F63B50D00DD6677 /* Release */ = {
			isa = XCBuildConfiguration;
			buildSettings = {
				CLANG_ANALYZER_NUMBER_OBJECT_CONVERSION = YES_AGGRESSIVE;
				CLANG_WARN_DOCUMENTATION_COMMENTS = YES;
				CLANG_WARN_UNREACHABLE_CODE = YES_AGGRESSIVE;
				CODE_SIGN_IDENTITY = "iPhone Developer";
				"CODE_SIGN_IDENTITY[sdk=appletvos*]" = "";
				"CODE_SIGN_IDENTITY[sdk=iphoneos*]" = "";
				COPY_PHASE_STRIP = NO;
				DEFINES_MODULE = YES;
				DYLIB_COMPATIBILITY_VERSION = 1;
				DYLIB_CURRENT_VERSION = 1;
				DYLIB_INSTALL_NAME_BASE = "@rpath";
				INFOPLIST_FILE = SSZipArchive/Info.plist;
				INSTALL_PATH = "$(LOCAL_LIBRARY_DIR)/Frameworks";
				LD_RUNPATH_SEARCH_PATHS = "$(inherited) @executable_path/Frameworks @loader_path/Frameworks";
				PRODUCT_BUNDLE_IDENTIFIER = com.ziparchive.ZipArchive;
				PRODUCT_NAME = "$(PROJECT_NAME)";
				SDKROOT = appletvos;
				SKIP_INSTALL = YES;
				SWIFT_VERSION = 3.0;
				TARGETED_DEVICE_FAMILY = 3;
				TVOS_DEPLOYMENT_TARGET = 9.0;
			};
			name = Release;
		};
		37952C631F63BB7100DD6677 /* Debug */ = {
			isa = XCBuildConfiguration;
			buildSettings = {
				APPLICATION_EXTENSION_API_ONLY = YES;
				CLANG_ANALYZER_NUMBER_OBJECT_CONVERSION = YES_AGGRESSIVE;
				CLANG_WARN_DOCUMENTATION_COMMENTS = YES;
				CLANG_WARN_UNREACHABLE_CODE = YES_AGGRESSIVE;
				CODE_SIGN_IDENTITY = "iPhone Developer";
				"CODE_SIGN_IDENTITY[sdk=iphoneos*]" = "";
				"CODE_SIGN_IDENTITY[sdk=watchos*]" = "";
				DEFINES_MODULE = YES;
				DYLIB_COMPATIBILITY_VERSION = 1;
				DYLIB_CURRENT_VERSION = 1;
				DYLIB_INSTALL_NAME_BASE = "@rpath";
				INFOPLIST_FILE = SSZipArchive/Info.plist;
				INSTALL_PATH = "$(LOCAL_LIBRARY_DIR)/Frameworks";
				LD_RUNPATH_SEARCH_PATHS = "$(inherited) @executable_path/Frameworks @loader_path/Frameworks";
				PRODUCT_BUNDLE_IDENTIFIER = com.ziparchive.ZipArchive;
				PRODUCT_NAME = "$(PROJECT_NAME)";
				SDKROOT = watchos;
				SKIP_INSTALL = YES;
				SWIFT_ACTIVE_COMPILATION_CONDITIONS = DEBUG;
				SWIFT_OPTIMIZATION_LEVEL = "-Onone";
				SWIFT_VERSION = 3.0;
				TARGETED_DEVICE_FAMILY = 4;
				WATCHOS_DEPLOYMENT_TARGET = 2.0;
			};
			name = Debug;
		};
		37952C641F63BB7100DD6677 /* Release */ = {
			isa = XCBuildConfiguration;
			buildSettings = {
				APPLICATION_EXTENSION_API_ONLY = YES;
				CLANG_ANALYZER_NUMBER_OBJECT_CONVERSION = YES_AGGRESSIVE;
				CLANG_WARN_DOCUMENTATION_COMMENTS = YES;
				CLANG_WARN_UNREACHABLE_CODE = YES_AGGRESSIVE;
				CODE_SIGN_IDENTITY = "iPhone Developer";
				"CODE_SIGN_IDENTITY[sdk=iphoneos*]" = "";
				"CODE_SIGN_IDENTITY[sdk=watchos*]" = "";
				COPY_PHASE_STRIP = NO;
				DEFINES_MODULE = YES;
				DYLIB_COMPATIBILITY_VERSION = 1;
				DYLIB_CURRENT_VERSION = 1;
				DYLIB_INSTALL_NAME_BASE = "@rpath";
				INFOPLIST_FILE = SSZipArchive/Info.plist;
				INSTALL_PATH = "$(LOCAL_LIBRARY_DIR)/Frameworks";
				LD_RUNPATH_SEARCH_PATHS = "$(inherited) @executable_path/Frameworks @loader_path/Frameworks";
				PRODUCT_BUNDLE_IDENTIFIER = com.ziparchive.ZipArchive;
				PRODUCT_NAME = "$(PROJECT_NAME)";
				SDKROOT = watchos;
				SKIP_INSTALL = YES;
				SWIFT_VERSION = 3.0;
				TARGETED_DEVICE_FAMILY = 4;
				WATCHOS_DEPLOYMENT_TARGET = 2.0;
			};
			name = Release;
		};
		AFF75A2A1C37279600F450AC /* Debug */ = {
			isa = XCBuildConfiguration;
			buildSettings = {
				CODE_SIGN_IDENTITY = "";
				COMBINE_HIDPI_IMAGES = YES;
				DEFINES_MODULE = YES;
				DYLIB_COMPATIBILITY_VERSION = 1;
				DYLIB_CURRENT_VERSION = 1;
				DYLIB_INSTALL_NAME_BASE = "@rpath";
				FRAMEWORK_VERSION = A;
				INFOPLIST_FILE = "$(SRCROOT)/SSZipArchive/Info.plist";
				INSTALL_PATH = "$(LOCAL_LIBRARY_DIR)/Frameworks";
				LD_RUNPATH_SEARCH_PATHS = "$(inherited) @executable_path/../Frameworks @loader_path/Frameworks";
				MACOSX_DEPLOYMENT_TARGET = 10.9;
				PRODUCT_BUNDLE_IDENTIFIER = com.ziparchive.ZipArchive;
				PRODUCT_NAME = "$(PROJECT_NAME)";
				SDKROOT = macosx;
				SKIP_INSTALL = YES;
			};
			name = Debug;
		};
		AFF75A2B1C37279600F450AC /* Release */ = {
			isa = XCBuildConfiguration;
			buildSettings = {
				CODE_SIGN_IDENTITY = "";
				COMBINE_HIDPI_IMAGES = YES;
				COPY_PHASE_STRIP = NO;
				DEFINES_MODULE = YES;
				DYLIB_COMPATIBILITY_VERSION = 1;
				DYLIB_CURRENT_VERSION = 1;
				DYLIB_INSTALL_NAME_BASE = "@rpath";
				FRAMEWORK_VERSION = A;
				INFOPLIST_FILE = "$(SRCROOT)/SSZipArchive/Info.plist";
				INSTALL_PATH = "$(LOCAL_LIBRARY_DIR)/Frameworks";
				LD_RUNPATH_SEARCH_PATHS = "$(inherited) @executable_path/../Frameworks @loader_path/Frameworks";
				MACOSX_DEPLOYMENT_TARGET = 10.9;
				PRODUCT_BUNDLE_IDENTIFIER = com.ziparchive.ZipArchive;
				PRODUCT_NAME = "$(PROJECT_NAME)";
				SDKROOT = macosx;
				SKIP_INSTALL = YES;
			};
			name = Release;
		};
		B423AE201C0DF76A0004A2F1 /* Debug */ = {
			isa = XCBuildConfiguration;
			buildSettings = {
				ALWAYS_SEARCH_USER_PATHS = NO;
				CLANG_ANALYZER_NONNULL = YES;
				CLANG_CXX_LANGUAGE_STANDARD = "gnu++0x";
				CLANG_CXX_LIBRARY = "libc++";
				CLANG_ENABLE_MODULES = YES;
				CLANG_ENABLE_OBJC_ARC = YES;
				CLANG_WARN_BLOCK_CAPTURE_AUTORELEASING = YES;
				CLANG_WARN_BOOL_CONVERSION = YES;
				CLANG_WARN_COMMA = YES;
				CLANG_WARN_CONSTANT_CONVERSION = YES;
				CLANG_WARN_DIRECT_OBJC_ISA_USAGE = YES_ERROR;
				CLANG_WARN_EMPTY_BODY = YES;
				CLANG_WARN_ENUM_CONVERSION = YES;
				CLANG_WARN_INFINITE_RECURSION = YES;
				CLANG_WARN_INT_CONVERSION = YES;
				CLANG_WARN_NON_LITERAL_NULL_CONVERSION = YES;
				CLANG_WARN_OBJC_LITERAL_CONVERSION = YES;
				CLANG_WARN_OBJC_ROOT_CLASS = YES_ERROR;
				CLANG_WARN_RANGE_LOOP_ANALYSIS = YES;
				CLANG_WARN_STRICT_PROTOTYPES = YES;
				CLANG_WARN_SUSPICIOUS_MOVE = YES;
				CLANG_WARN_UNREACHABLE_CODE = YES_AGGRESSIVE;
				CLANG_WARN__DUPLICATE_METHOD_MATCH = YES;
				COPY_PHASE_STRIP = NO;
				CURRENT_PROJECT_VERSION = 1;
				DEBUG_INFORMATION_FORMAT = dwarf;
				ENABLE_STRICT_OBJC_MSGSEND = YES;
				ENABLE_TESTABILITY = YES;
				GCC_C_LANGUAGE_STANDARD = gnu99;
				GCC_DYNAMIC_NO_PIC = NO;
				GCC_NO_COMMON_BLOCKS = YES;
				GCC_OPTIMIZATION_LEVEL = 0;
				GCC_PREPROCESSOR_DEFINITIONS = (
					"DEBUG=1",
					HAVE_ZLIB,
					HAVE_CRYPT,
					HAVE_AES,
					"$(inherited)",
				);
				GCC_WARN_64_TO_32_BIT_CONVERSION = YES;
				GCC_WARN_ABOUT_RETURN_TYPE = YES_ERROR;
				GCC_WARN_UNDECLARED_SELECTOR = YES;
				GCC_WARN_UNINITIALIZED_AUTOS = YES_AGGRESSIVE;
				GCC_WARN_UNUSED_FUNCTION = YES;
				GCC_WARN_UNUSED_VARIABLE = YES;
				IPHONEOS_DEPLOYMENT_TARGET = 9.1;
				MTL_ENABLE_DEBUG_INFO = YES;
				ONLY_ACTIVE_ARCH = YES;
				SDKROOT = iphoneos;
				TARGETED_DEVICE_FAMILY = "1,2";
				VERSIONING_SYSTEM = "apple-generic";
				VERSION_INFO_PREFIX = "";
			};
			name = Debug;
		};
		B423AE211C0DF76A0004A2F1 /* Release */ = {
			isa = XCBuildConfiguration;
			buildSettings = {
				ALWAYS_SEARCH_USER_PATHS = NO;
				CLANG_ANALYZER_NONNULL = YES;
				CLANG_CXX_LANGUAGE_STANDARD = "gnu++0x";
				CLANG_CXX_LIBRARY = "libc++";
				CLANG_ENABLE_MODULES = YES;
				CLANG_ENABLE_OBJC_ARC = YES;
				CLANG_WARN_BLOCK_CAPTURE_AUTORELEASING = YES;
				CLANG_WARN_BOOL_CONVERSION = YES;
				CLANG_WARN_COMMA = YES;
				CLANG_WARN_CONSTANT_CONVERSION = YES;
				CLANG_WARN_DIRECT_OBJC_ISA_USAGE = YES_ERROR;
				CLANG_WARN_EMPTY_BODY = YES;
				CLANG_WARN_ENUM_CONVERSION = YES;
				CLANG_WARN_INFINITE_RECURSION = YES;
				CLANG_WARN_INT_CONVERSION = YES;
				CLANG_WARN_NON_LITERAL_NULL_CONVERSION = YES;
				CLANG_WARN_OBJC_LITERAL_CONVERSION = YES;
				CLANG_WARN_OBJC_ROOT_CLASS = YES_ERROR;
				CLANG_WARN_RANGE_LOOP_ANALYSIS = YES;
				CLANG_WARN_STRICT_PROTOTYPES = YES;
				CLANG_WARN_SUSPICIOUS_MOVE = YES;
				CLANG_WARN_UNREACHABLE_CODE = YES_AGGRESSIVE;
				CLANG_WARN__DUPLICATE_METHOD_MATCH = YES;
				COPY_PHASE_STRIP = YES;
				CURRENT_PROJECT_VERSION = 1;
				DEBUG_INFORMATION_FORMAT = "dwarf-with-dsym";
				ENABLE_NS_ASSERTIONS = NO;
				ENABLE_STRICT_OBJC_MSGSEND = YES;
				GCC_C_LANGUAGE_STANDARD = gnu99;
				GCC_NO_COMMON_BLOCKS = YES;
				GCC_PREPROCESSOR_DEFINITIONS = (
					HAVE_AES,
					HAVE_CRYPT,
					HAVE_ZLIB,
				);
				"GCC_PREPROCESSOR_DEFINITIONS[arch=*]" = "";
				GCC_WARN_64_TO_32_BIT_CONVERSION = YES;
				GCC_WARN_ABOUT_RETURN_TYPE = YES_ERROR;
				GCC_WARN_UNDECLARED_SELECTOR = YES;
				GCC_WARN_UNINITIALIZED_AUTOS = YES_AGGRESSIVE;
				GCC_WARN_UNUSED_FUNCTION = YES;
				GCC_WARN_UNUSED_VARIABLE = YES;
				IPHONEOS_DEPLOYMENT_TARGET = 9.1;
				MTL_ENABLE_DEBUG_INFO = NO;
				SDKROOT = iphoneos;
				SWIFT_OPTIMIZATION_LEVEL = "-Owholemodule";
				TARGETED_DEVICE_FAMILY = "1,2";
				VALIDATE_PRODUCT = YES;
				VERSIONING_SYSTEM = "apple-generic";
				VERSION_INFO_PREFIX = "";
			};
			name = Release;
		};
		B423AE231C0DF76A0004A2F1 /* Debug */ = {
			isa = XCBuildConfiguration;
			buildSettings = {
				APPLICATION_EXTENSION_API_ONLY = YES;
				BITCODE_GENERATION_MODE = marker;
				CLANG_ANALYZER_NUMBER_OBJECT_CONVERSION = YES_AGGRESSIVE;
				CLANG_ENABLE_MODULES = YES;
				CODE_SIGN_IDENTITY = "iPhone Developer";
				"CODE_SIGN_IDENTITY[sdk=iphoneos*]" = "";
				DEFINES_MODULE = YES;
				DYLIB_COMPATIBILITY_VERSION = 1;
				DYLIB_CURRENT_VERSION = 1;
				DYLIB_INSTALL_NAME_BASE = "@rpath";
				INFOPLIST_FILE = SSZipArchive/Info.plist;
				INSTALL_PATH = "$(LOCAL_LIBRARY_DIR)/Frameworks";
				IPHONEOS_DEPLOYMENT_TARGET = 8.0;
				LD_RUNPATH_SEARCH_PATHS = "$(inherited) @executable_path/Frameworks @loader_path/Frameworks";
				PRODUCT_BUNDLE_IDENTIFIER = com.ziparchive.ZipArchive;
				PRODUCT_NAME = "$(PROJECT_NAME)";
				SKIP_INSTALL = YES;
				SWIFT_OPTIMIZATION_LEVEL = "-Onone";
				SWIFT_VERSION = 3.0;
			};
			name = Debug;
		};
		B423AE241C0DF76A0004A2F1 /* Release */ = {
			isa = XCBuildConfiguration;
			buildSettings = {
				APPLICATION_EXTENSION_API_ONLY = YES;
				BITCODE_GENERATION_MODE = bitcode;
				CLANG_ANALYZER_NUMBER_OBJECT_CONVERSION = YES_AGGRESSIVE;
				CLANG_ENABLE_MODULES = YES;
				CODE_SIGN_IDENTITY = "iPhone Developer";
				"CODE_SIGN_IDENTITY[sdk=iphoneos*]" = "";
				DEFINES_MODULE = YES;
				DYLIB_COMPATIBILITY_VERSION = 1;
				DYLIB_CURRENT_VERSION = 1;
				DYLIB_INSTALL_NAME_BASE = "@rpath";
				INFOPLIST_FILE = SSZipArchive/Info.plist;
				INSTALL_PATH = "$(LOCAL_LIBRARY_DIR)/Frameworks";
				IPHONEOS_DEPLOYMENT_TARGET = 8.0;
				LD_RUNPATH_SEARCH_PATHS = "$(inherited) @executable_path/Frameworks @loader_path/Frameworks";
				PRODUCT_BUNDLE_IDENTIFIER = com.ziparchive.ZipArchive;
				PRODUCT_NAME = "$(PROJECT_NAME)";
				SKIP_INSTALL = YES;
				SWIFT_VERSION = 3.0;
			};
			name = Release;
		};
/* End XCBuildConfiguration section */

/* Begin XCConfigurationList section */
		37952C2D1F63B50D00DD6677 /* Build configuration list for PBXNativeTarget "ZipArchive-tvos" */ = {
			isa = XCConfigurationList;
			buildConfigurations = (
				37952C2B1F63B50D00DD6677 /* Debug */,
				37952C2C1F63B50D00DD6677 /* Release */,
			);
			defaultConfigurationIsVisible = 0;
			defaultConfigurationName = Release;
		};
		37952C651F63BB7100DD6677 /* Build configuration list for PBXNativeTarget "ZipArchive-watchos" */ = {
			isa = XCConfigurationList;
			buildConfigurations = (
				37952C631F63BB7100DD6677 /* Debug */,
				37952C641F63BB7100DD6677 /* Release */,
			);
			defaultConfigurationIsVisible = 0;
			defaultConfigurationName = Release;
		};
		AFF75A291C37279600F450AC /* Build configuration list for PBXNativeTarget "ZipArchive-Mac" */ = {
			isa = XCConfigurationList;
			buildConfigurations = (
				AFF75A2A1C37279600F450AC /* Debug */,
				AFF75A2B1C37279600F450AC /* Release */,
			);
			defaultConfigurationIsVisible = 0;
			defaultConfigurationName = Release;
		};
		B423AE141C0DF76A0004A2F1 /* Build configuration list for PBXProject "ZipArchive" */ = {
			isa = XCConfigurationList;
			buildConfigurations = (
				B423AE201C0DF76A0004A2F1 /* Debug */,
				B423AE211C0DF76A0004A2F1 /* Release */,
			);
			defaultConfigurationIsVisible = 0;
			defaultConfigurationName = Release;
		};
		B423AE221C0DF76A0004A2F1 /* Build configuration list for PBXNativeTarget "ZipArchive-iOS" */ = {
			isa = XCConfigurationList;
			buildConfigurations = (
				B423AE231C0DF76A0004A2F1 /* Debug */,
				B423AE241C0DF76A0004A2F1 /* Release */,
			);
			defaultConfigurationIsVisible = 0;
			defaultConfigurationName = Release;
		};
/* End XCConfigurationList section */
	};
	rootObject = B423AE111C0DF76A0004A2F1 /* Project object */;
}
