// !$*UTF8*$!
{
	archiveVersion = 1;
	classes = {
	};
	objectVersion = 46;
	objects = {

/* Begin PBXBuildFile section */
		011F4B96182D71B700DE704F /* RelativeSymbolicLink.zip in Resources */ = {isa = PBXBuildFile; fileRef = 011F4B95182D71B700DE704F /* RelativeSymbolicLink.zip */; };
		011F4B97182D72B400DE704F /* RelativeSymbolicLink.zip in Resources */ = {isa = PBXBuildFile; fileRef = 011F4B95182D71B700DE704F /* RelativeSymbolicLink.zip */; };
		210D525417DEFB880060D41A /* ioapi.c in Sources */ = {isa = PBXBuildFile; fileRef = 210D524C17DEFB880060D41A /* ioapi.c */; };
		210D525517DEFB880060D41A /* ioapi.c in Sources */ = {isa = PBXBuildFile; fileRef = 210D524C17DEFB880060D41A /* ioapi.c */; };
		210D525617DEFB880060D41A /* mztools.c in Sources */ = {isa = PBXBuildFile; fileRef = 210D524E17DEFB880060D41A /* mztools.c */; };
		210D525717DEFB880060D41A /* mztools.c in Sources */ = {isa = PBXBuildFile; fileRef = 210D524E17DEFB880060D41A /* mztools.c */; };
		210D525817DEFB880060D41A /* unzip.c in Sources */ = {isa = PBXBuildFile; fileRef = 210D525017DEFB880060D41A /* unzip.c */; };
		210D525917DEFB880060D41A /* unzip.c in Sources */ = {isa = PBXBuildFile; fileRef = 210D525017DEFB880060D41A /* unzip.c */; };
		210D525A17DEFB880060D41A /* zip.c in Sources */ = {isa = PBXBuildFile; fileRef = 210D525217DEFB880060D41A /* zip.c */; };
		210D525B17DEFB880060D41A /* zip.c in Sources */ = {isa = PBXBuildFile; fileRef = 210D525217DEFB880060D41A /* zip.c */; };
		21CC41A917DB7D1300201DDC /* Foundation.framework in Frameworks */ = {isa = PBXBuildFile; fileRef = 21CC41A817DB7D1300201DDC /* Foundation.framework */; };
		21CC41AB17DB7D1300201DDC /* CoreGraphics.framework in Frameworks */ = {isa = PBXBuildFile; fileRef = 21CC41AA17DB7D1300201DDC /* CoreGraphics.framework */; };
		21CC41AD17DB7D1300201DDC /* UIKit.framework in Frameworks */ = {isa = PBXBuildFile; fileRef = 21CC41AC17DB7D1300201DDC /* UIKit.framework */; };
		21CC41C217DB7D1300201DDC /* XCTest.framework in Frameworks */ = {isa = PBXBuildFile; fileRef = 21CC41C117DB7D1300201DDC /* XCTest.framework */; };
		21CC41C317DB7D1300201DDC /* Foundation.framework in Frameworks */ = {isa = PBXBuildFile; fileRef = 21CC41A817DB7D1300201DDC /* Foundation.framework */; };
		21CC41C417DB7D1300201DDC /* UIKit.framework in Frameworks */ = {isa = PBXBuildFile; fileRef = 21CC41AC17DB7D1300201DDC /* UIKit.framework */; };
		21CC41EC17DB7D2F00201DDC /* SSZipArchive.m in Sources */ = {isa = PBXBuildFile; fileRef = 21CC41E317DB7D2F00201DDC /* SSZipArchive.m */; };
		21CC41ED17DB7D2F00201DDC /* SSZipArchive.m in Sources */ = {isa = PBXBuildFile; fileRef = 21CC41E317DB7D2F00201DDC /* SSZipArchive.m */; };
		21CC41F817DB7D3500201DDC /* IncorrectHeaders.zip in Resources */ = {isa = PBXBuildFile; fileRef = 21CC41F017DB7D3500201DDC /* IncorrectHeaders.zip */; };
		21CC41F917DB7D3500201DDC /* PermissionsTestApp.app in Resources */ = {isa = PBXBuildFile; fileRef = 21CC41F117DB7D3500201DDC /* PermissionsTestApp.app */; };
		21CC41FA17DB7D3500201DDC /* SymbolicLink.zip in Resources */ = {isa = PBXBuildFile; fileRef = 21CC41F217DB7D3500201DDC /* SymbolicLink.zip */; };
		21CC41FB17DB7D3500201DDC /* TestArchive.zip in Resources */ = {isa = PBXBuildFile; fileRef = 21CC41F317DB7D3500201DDC /* TestArchive.zip */; };
		21CC41FC17DB7D3500201DDC /* TestPasswordArchive.zip in Resources */ = {isa = PBXBuildFile; fileRef = 21CC41F417DB7D3500201DDC /* TestPasswordArchive.zip */; };
		21CC41FD17DB7D3500201DDC /* Unicode.zip in Resources */ = {isa = PBXBuildFile; fileRef = 21CC41F517DB7D3500201DDC /* Unicode.zip */; };
		21CC41FF17DB7D3500201DDC /* SSZipArchiveTests.m in Sources */ = {isa = PBXBuildFile; fileRef = 21CC41F717DB7D3500201DDC /* SSZipArchiveTests.m */; };
		21CC421017DB7D7400201DDC /* main.m in Sources */ = {isa = PBXBuildFile; fileRef = 21CC420517DB7D6300201DDC /* main.m */; };
		21CC421117DB7D7900201DDC /* SSAppDelegate.m in Sources */ = {isa = PBXBuildFile; fileRef = 21CC420317DB7D6300201DDC /* SSAppDelegate.m */; };
		21CC421317DB7E0500201DDC /* libz.dylib in Frameworks */ = {isa = PBXBuildFile; fileRef = 21CC421217DB7E0500201DDC /* libz.dylib */; };
		21CC421417DB7E0900201DDC /* libz.dylib in Frameworks */ = {isa = PBXBuildFile; fileRef = 21CC421217DB7E0500201DDC /* libz.dylib */; };
		3D18E4BC1B2367A300627171 /* CollectingDelegate.m in Sources */ = {isa = PBXBuildFile; fileRef = 3D18E4BB1B2367A300627171 /* CollectingDelegate.m */; };
		3D18E4C51B236A7500627171 /* 0.m4a in Resources */ = {isa = PBXBuildFile; fileRef = 3D18E4BD1B236A7500627171 /* 0.m4a */; };
		3D18E4C61B236A7500627171 /* 1.m4a in Resources */ = {isa = PBXBuildFile; fileRef = 3D18E4BE1B236A7500627171 /* 1.m4a */; };
		3D18E4C71B236A7500627171 /* 2.m4a in Resources */ = {isa = PBXBuildFile; fileRef = 3D18E4BF1B236A7500627171 /* 2.m4a */; };
		3D18E4C81B236A7500627171 /* 3.m4a in Resources */ = {isa = PBXBuildFile; fileRef = 3D18E4C01B236A7500627171 /* 3.m4a */; };
		3D18E4C91B236A7500627171 /* 4.m4a in Resources */ = {isa = PBXBuildFile; fileRef = 3D18E4C11B236A7500627171 /* 4.m4a */; };
		3D18E4CA1B236A7500627171 /* 5.m4a in Resources */ = {isa = PBXBuildFile; fileRef = 3D18E4C21B236A7500627171 /* 5.m4a */; };
		3D18E4CB1B236A7500627171 /* 6.m4a in Resources */ = {isa = PBXBuildFile; fileRef = 3D18E4C31B236A7500627171 /* 6.m4a */; };
		3D18E4CC1B236A7500627171 /* 7.m4a in Resources */ = {isa = PBXBuildFile; fileRef = 3D18E4C41B236A7500627171 /* 7.m4a */; };
		3D18E4CE1B236C2A00627171 /* hello.zip in Resources */ = {isa = PBXBuildFile; fileRef = 3D18E4CD1B236C2A00627171 /* hello.zip */; };
		A5CD0D3A1AD3490700E7F209 /* Default-568h@2x.png in Resources */ = {isa = PBXBuildFile; fileRef = A5CD0D391AD3490700E7F209 /* Default-568h@2x.png */; };
/* End PBXBuildFile section */

/* Begin PBXContainerItemProxy section */
		21CC41C517DB7D1300201DDC /* PBXContainerItemProxy */ = {
			isa = PBXContainerItemProxy;
			containerPortal = 21CC419D17DB7D1300201DDC /* Project object */;
			proxyType = 1;
			remoteGlobalIDString = 21CC41A417DB7D1300201DDC;
			remoteInfo = SSZipArchive;
		};
/* End PBXContainerItemProxy section */

/* Begin PBXFileReference section */
		011F4B95182D71B700DE704F /* RelativeSymbolicLink.zip */ = {isa = PBXFileReference; lastKnownFileType = archive.zip; path = RelativeSymbolicLink.zip; sourceTree = "<group>"; };
		210D524B17DEFB880060D41A /* crypt.h */ = {isa = PBXFileReference; fileEncoding = 4; lastKnownFileType = sourcecode.c.h; path = crypt.h; sourceTree = "<group>"; };
		210D524C17DEFB880060D41A /* ioapi.c */ = {isa = PBXFileReference; fileEncoding = 4; lastKnownFileType = sourcecode.c.c; path = ioapi.c; sourceTree = "<group>"; };
		210D524D17DEFB880060D41A /* ioapi.h */ = {isa = PBXFileReference; fileEncoding = 4; lastKnownFileType = sourcecode.c.h; path = ioapi.h; sourceTree = "<group>"; };
		210D524E17DEFB880060D41A /* mztools.c */ = {isa = PBXFileReference; fileEncoding = 4; lastKnownFileType = sourcecode.c.c; path = mztools.c; sourceTree = "<group>"; };
		210D524F17DEFB880060D41A /* mztools.h */ = {isa = PBXFileReference; fileEncoding = 4; lastKnownFileType = sourcecode.c.h; path = mztools.h; sourceTree = "<group>"; };
		210D525017DEFB880060D41A /* unzip.c */ = {isa = PBXFileReference; fileEncoding = 4; lastKnownFileType = sourcecode.c.c; path = unzip.c; sourceTree = "<group>"; };
		210D525117DEFB880060D41A /* unzip.h */ = {isa = PBXFileReference; fileEncoding = 4; lastKnownFileType = sourcecode.c.h; path = unzip.h; sourceTree = "<group>"; };
		210D525217DEFB880060D41A /* zip.c */ = {isa = PBXFileReference; fileEncoding = 4; lastKnownFileType = sourcecode.c.c; path = zip.c; sourceTree = "<group>"; };
		210D525317DEFB880060D41A /* zip.h */ = {isa = PBXFileReference; fileEncoding = 4; lastKnownFileType = sourcecode.c.h; path = zip.h; sourceTree = "<group>"; };
		21CC41A517DB7D1300201DDC /* SSZipArchive.app */ = {isa = PBXFileReference; explicitFileType = wrapper.application; includeInIndex = 0; path = SSZipArchive.app; sourceTree = BUILT_PRODUCTS_DIR; };
		21CC41A817DB7D1300201DDC /* Foundation.framework */ = {isa = PBXFileReference; lastKnownFileType = wrapper.framework; name = Foundation.framework; path = System/Library/Frameworks/Foundation.framework; sourceTree = SDKROOT; };
		21CC41AA17DB7D1300201DDC /* CoreGraphics.framework */ = {isa = PBXFileReference; lastKnownFileType = wrapper.framework; name = CoreGraphics.framework; path = System/Library/Frameworks/CoreGraphics.framework; sourceTree = SDKROOT; };
		21CC41AC17DB7D1300201DDC /* UIKit.framework */ = {isa = PBXFileReference; lastKnownFileType = wrapper.framework; name = UIKit.framework; path = System/Library/Frameworks/UIKit.framework; sourceTree = SDKROOT; };
		21CC41C017DB7D1300201DDC /* SSZipArchiveTests.xctest */ = {isa = PBXFileReference; explicitFileType = wrapper.cfbundle; includeInIndex = 0; path = SSZipArchiveTests.xctest; sourceTree = BUILT_PRODUCTS_DIR; };
		21CC41C117DB7D1300201DDC /* XCTest.framework */ = {isa = PBXFileReference; lastKnownFileType = wrapper.framework; name = XCTest.framework; path = Library/Frameworks/XCTest.framework; sourceTree = DEVELOPER_DIR; };
		21CC41E217DB7D2F00201DDC /* SSZipArchive.h */ = {isa = PBXFileReference; fileEncoding = 4; lastKnownFileType = sourcecode.c.h; path = SSZipArchive.h; sourceTree = "<group>"; };
		21CC41E317DB7D2F00201DDC /* SSZipArchive.m */ = {isa = PBXFileReference; fileEncoding = 4; lastKnownFileType = sourcecode.c.objc; path = SSZipArchive.m; sourceTree = "<group>"; };
		21CC41F017DB7D3500201DDC /* IncorrectHeaders.zip */ = {isa = PBXFileReference; lastKnownFileType = archive.zip; path = IncorrectHeaders.zip; sourceTree = "<group>"; };
		21CC41F117DB7D3500201DDC /* PermissionsTestApp.app */ = {isa = PBXFileReference; lastKnownFileType = wrapper.application; path = PermissionsTestApp.app; sourceTree = "<group>"; };
		21CC41F217DB7D3500201DDC /* SymbolicLink.zip */ = {isa = PBXFileReference; lastKnownFileType = archive.zip; path = SymbolicLink.zip; sourceTree = "<group>"; };
		21CC41F317DB7D3500201DDC /* TestArchive.zip */ = {isa = PBXFileReference; lastKnownFileType = archive.zip; path = TestArchive.zip; sourceTree = "<group>"; };
		21CC41F417DB7D3500201DDC /* TestPasswordArchive.zip */ = {isa = PBXFileReference; lastKnownFileType = archive.zip; path = TestPasswordArchive.zip; sourceTree = "<group>"; };
		21CC41F517DB7D3500201DDC /* Unicode.zip */ = {isa = PBXFileReference; lastKnownFileType = archive.zip; path = Unicode.zip; sourceTree = "<group>"; };
		21CC41F617DB7D3500201DDC /* SSZipArchiveTests-Info.plist */ = {isa = PBXFileReference; fileEncoding = 4; lastKnownFileType = text.plist.xml; path = "SSZipArchiveTests-Info.plist"; sourceTree = "<group>"; };
		21CC41F717DB7D3500201DDC /* SSZipArchiveTests.m */ = {isa = PBXFileReference; fileEncoding = 4; lastKnownFileType = sourcecode.c.objc; path = SSZipArchiveTests.m; sourceTree = "<group>"; };
		21CC420217DB7D6300201DDC /* SSAppDelegate.h */ = {isa = PBXFileReference; fileEncoding = 4; lastKnownFileType = sourcecode.c.h; path = SSAppDelegate.h; sourceTree = "<group>"; };
		21CC420317DB7D6300201DDC /* SSAppDelegate.m */ = {isa = PBXFileReference; fileEncoding = 4; lastKnownFileType = sourcecode.c.objc; path = SSAppDelegate.m; sourceTree = "<group>"; };
		21CC420517DB7D6300201DDC /* main.m */ = {isa = PBXFileReference; fileEncoding = 4; lastKnownFileType = sourcecode.c.objc; path = main.m; sourceTree = "<group>"; };
		21CC420617DB7D6300201DDC /* SSZipArchive-Prefix.pch */ = {isa = PBXFileReference; fileEncoding = 4; lastKnownFileType = sourcecode.c.h; path = "SSZipArchive-Prefix.pch"; sourceTree = "<group>"; };
		21CC420917DB7D6300201DDC /* SSZipArchive-Info.plist */ = {isa = PBXFileReference; fileEncoding = 4; lastKnownFileType = text.plist.xml; path = "SSZipArchive-Info.plist"; sourceTree = "<group>"; };
		21CC421217DB7E0500201DDC /* libz.dylib */ = {isa = PBXFileReference; lastKnownFileType = "compiled.mach-o.dylib"; name = libz.dylib; path = usr/lib/libz.dylib; sourceTree = SDKROOT; };
		3D18E4BA1B2367A300627171 /* CollectingDelegate.h */ = {isa = PBXFileReference; fileEncoding = 4; lastKnownFileType = sourcecode.c.h; path = CollectingDelegate.h; sourceTree = "<group>"; };
		3D18E4BB1B2367A300627171 /* CollectingDelegate.m */ = {isa = PBXFileReference; fileEncoding = 4; lastKnownFileType = sourcecode.c.objc; path = CollectingDelegate.m; sourceTree = "<group>"; };
		3D18E4BD1B236A7500627171 /* 0.m4a */ = {isa = PBXFileReference; lastKnownFileType = file; name = 0.m4a; path = Tests/Multi_Zip_Test/0.m4a; sourceTree = SOURCE_ROOT; };
		3D18E4BE1B236A7500627171 /* 1.m4a */ = {isa = PBXFileReference; lastKnownFileType = file; name = 1.m4a; path = Tests/Multi_Zip_Test/1.m4a; sourceTree = SOURCE_ROOT; };
		3D18E4BF1B236A7500627171 /* 2.m4a */ = {isa = PBXFileReference; lastKnownFileType = file; name = 2.m4a; path = Tests/Multi_Zip_Test/2.m4a; sourceTree = SOURCE_ROOT; };
		3D18E4C01B236A7500627171 /* 3.m4a */ = {isa = PBXFileReference; lastKnownFileType = file; name = 3.m4a; path = Tests/Multi_Zip_Test/3.m4a; sourceTree = SOURCE_ROOT; };
		3D18E4C11B236A7500627171 /* 4.m4a */ = {isa = PBXFileReference; lastKnownFileType = file; name = 4.m4a; path = Tests/Multi_Zip_Test/4.m4a; sourceTree = SOURCE_ROOT; };
		3D18E4C21B236A7500627171 /* 5.m4a */ = {isa = PBXFileReference; lastKnownFileType = file; name = 5.m4a; path = Tests/Multi_Zip_Test/5.m4a; sourceTree = SOURCE_ROOT; };
		3D18E4C31B236A7500627171 /* 6.m4a */ = {isa = PBXFileReference; lastKnownFileType = file; name = 6.m4a; path = Tests/Multi_Zip_Test/6.m4a; sourceTree = SOURCE_ROOT; };
		3D18E4C41B236A7500627171 /* 7.m4a */ = {isa = PBXFileReference; lastKnownFileType = file; name = 7.m4a; path = Tests/Multi_Zip_Test/7.m4a; sourceTree = SOURCE_ROOT; };
		3D18E4CD1B236C2A00627171 /* hello.zip */ = {isa = PBXFileReference; lastKnownFileType = archive.zip; path = hello.zip; sourceTree = "<group>"; };
		A5CD0D391AD3490700E7F209 /* Default-568h@2x.png */ = {isa = PBXFileReference; lastKnownFileType = image.png; path = "Default-568h@2x.png"; sourceTree = "<group>"; };
/* End PBXFileReference section */

/* Begin PBXFrameworksBuildPhase section */
		21CC41A217DB7D1300201DDC /* Frameworks */ = {
			isa = PBXFrameworksBuildPhase;
			buildActionMask = 2147483647;
			files = (
				21CC421317DB7E0500201DDC /* libz.dylib in Frameworks */,
				21CC41AB17DB7D1300201DDC /* CoreGraphics.framework in Frameworks */,
				21CC41AD17DB7D1300201DDC /* UIKit.framework in Frameworks */,
				21CC41A917DB7D1300201DDC /* Foundation.framework in Frameworks */,
			);
			runOnlyForDeploymentPostprocessing = 0;
		};
		21CC41BD17DB7D1300201DDC /* Frameworks */ = {
			isa = PBXFrameworksBuildPhase;
			buildActionMask = 2147483647;
			files = (
				21CC421417DB7E0900201DDC /* libz.dylib in Frameworks */,
				21CC41C217DB7D1300201DDC /* XCTest.framework in Frameworks */,
				21CC41C417DB7D1300201DDC /* UIKit.framework in Frameworks */,
				21CC41C317DB7D1300201DDC /* Foundation.framework in Frameworks */,
			);
			runOnlyForDeploymentPostprocessing = 0;
		};
/* End PBXFrameworksBuildPhase section */

/* Begin PBXGroup section */
		210D524A17DEFB880060D41A /* minizip */ = {
			isa = PBXGroup;
			children = (
				210D524B17DEFB880060D41A /* crypt.h */,
				210D524C17DEFB880060D41A /* ioapi.c */,
				210D524D17DEFB880060D41A /* ioapi.h */,
				210D524E17DEFB880060D41A /* mztools.c */,
				210D524F17DEFB880060D41A /* mztools.h */,
				210D525017DEFB880060D41A /* unzip.c */,
				210D525117DEFB880060D41A /* unzip.h */,
				210D525217DEFB880060D41A /* zip.c */,
				210D525317DEFB880060D41A /* zip.h */,
			);
			path = minizip;
			sourceTree = "<group>";
		};
		21CC419C17DB7D1300201DDC = {
			isa = PBXGroup;
			children = (
				21CC41D717DB7D2F00201DDC /* SSZipArchive */,
				21CC41EE17DB7D3500201DDC /* Tests */,
				21CC420017DB7D6300201DDC /* Sample Application */,
				21CC41A717DB7D1300201DDC /* Frameworks */,
				21CC41A617DB7D1300201DDC /* Products */,
			);
			sourceTree = "<group>";
		};
		21CC41A617DB7D1300201DDC /* Products */ = {
			isa = PBXGroup;
			children = (
				21CC41A517DB7D1300201DDC /* SSZipArchive.app */,
				21CC41C017DB7D1300201DDC /* SSZipArchiveTests.xctest */,
			);
			name = Products;
			sourceTree = "<group>";
		};
		21CC41A717DB7D1300201DDC /* Frameworks */ = {
			isa = PBXGroup;
			children = (
				21CC421217DB7E0500201DDC /* libz.dylib */,
				21CC41A817DB7D1300201DDC /* Foundation.framework */,
				21CC41AA17DB7D1300201DDC /* CoreGraphics.framework */,
				21CC41AC17DB7D1300201DDC /* UIKit.framework */,
				21CC41C117DB7D1300201DDC /* XCTest.framework */,
			);
			name = Frameworks;
			sourceTree = "<group>";
		};
		21CC41D717DB7D2F00201DDC /* SSZipArchive */ = {
			isa = PBXGroup;
			children = (
				21CC41E217DB7D2F00201DDC /* SSZipArchive.h */,
				21CC41E317DB7D2F00201DDC /* SSZipArchive.m */,
				210D524A17DEFB880060D41A /* minizip */,
			);
			path = SSZipArchive;
			sourceTree = "<group>";
		};
		21CC41EE17DB7D3500201DDC /* Tests */ = {
			isa = PBXGroup;
			children = (
				3D18E4BA1B2367A300627171 /* CollectingDelegate.h */,
				3D18E4BB1B2367A300627171 /* CollectingDelegate.m */,
				3D18E4A91B23679000627171 /* Multi_Zip_Test */,
				21CC41EF17DB7D3500201DDC /* Fixtures */,
				21CC41F617DB7D3500201DDC /* SSZipArchiveTests-Info.plist */,
				21CC41F717DB7D3500201DDC /* SSZipArchiveTests.m */,
			);
			path = Tests;
			sourceTree = "<group>";
		};
		21CC41EF17DB7D3500201DDC /* Fixtures */ = {
			isa = PBXGroup;
			children = (
				3D18E4CD1B236C2A00627171 /* hello.zip */,
				011F4B95182D71B700DE704F /* RelativeSymbolicLink.zip */,
				21CC41F017DB7D3500201DDC /* IncorrectHeaders.zip */,
				21CC41F117DB7D3500201DDC /* PermissionsTestApp.app */,
				21CC41F217DB7D3500201DDC /* SymbolicLink.zip */,
				21CC41F317DB7D3500201DDC /* TestArchive.zip */,
				21CC41F417DB7D3500201DDC /* TestPasswordArchive.zip */,
				21CC41F517DB7D3500201DDC /* Unicode.zip */,
			);
			path = Fixtures;
			sourceTree = "<group>";
		};
		21CC420017DB7D6300201DDC /* Sample Application */ = {
			isa = PBXGroup;
			children = (
				21CC420217DB7D6300201DDC /* SSAppDelegate.h */,
				21CC420317DB7D6300201DDC /* SSAppDelegate.m */,
				21CC420417DB7D6300201DDC /* Supporting Files */,
			);
			path = "Sample Application";
			sourceTree = "<group>";
		};
		21CC420417DB7D6300201DDC /* Supporting Files */ = {
			isa = PBXGroup;
			children = (
				A5CD0D391AD3490700E7F209 /* Default-568h@2x.png */,
				21CC420517DB7D6300201DDC /* main.m */,
				21CC420617DB7D6300201DDC /* SSZipArchive-Prefix.pch */,
				21CC420917DB7D6300201DDC /* SSZipArchive-Info.plist */,
			);
			path = "Supporting Files";
			sourceTree = "<group>";
		};
		3D18E4A91B23679000627171 /* Multi_Zip_Test */ = {
			isa = PBXGroup;
			children = (
				3D18E4BD1B236A7500627171 /* 0.m4a */,
				3D18E4BE1B236A7500627171 /* 1.m4a */,
				3D18E4BF1B236A7500627171 /* 2.m4a */,
				3D18E4C01B236A7500627171 /* 3.m4a */,
				3D18E4C11B236A7500627171 /* 4.m4a */,
				3D18E4C21B236A7500627171 /* 5.m4a */,
				3D18E4C31B236A7500627171 /* 6.m4a */,
				3D18E4C41B236A7500627171 /* 7.m4a */,
			);
			name = Multi_Zip_Test;
			path = ../../../Pictures/ssziparchive/Tests/Multi_Zip_Test;
			sourceTree = "<group>";
		};
/* End PBXGroup section */

/* Begin PBXNativeTarget section */
		21CC41A417DB7D1300201DDC /* SSZipArchive */ = {
			isa = PBXNativeTarget;
			buildConfigurationList = 21CC41D117DB7D1300201DDC /* Build configuration list for PBXNativeTarget "SSZipArchive" */;
			buildPhases = (
				21CC41A117DB7D1300201DDC /* Sources */,
				21CC41A217DB7D1300201DDC /* Frameworks */,
				21CC41A317DB7D1300201DDC /* Resources */,
			);
			buildRules = (
			);
			dependencies = (
			);
			name = SSZipArchive;
			productName = SSZipArchive;
			productReference = 21CC41A517DB7D1300201DDC /* SSZipArchive.app */;
			productType = "com.apple.product-type.application";
		};
		21CC41BF17DB7D1300201DDC /* SSZipArchiveTests */ = {
			isa = PBXNativeTarget;
			buildConfigurationList = 21CC41D417DB7D1300201DDC /* Build configuration list for PBXNativeTarget "SSZipArchiveTests" */;
			buildPhases = (
				21CC41BC17DB7D1300201DDC /* Sources */,
				21CC41BD17DB7D1300201DDC /* Frameworks */,
				21CC41BE17DB7D1300201DDC /* Resources */,
			);
			buildRules = (
			);
			dependencies = (
				21CC41C617DB7D1300201DDC /* PBXTargetDependency */,
			);
			name = SSZipArchiveTests;
			productName = SSZipArchiveTests;
			productReference = 21CC41C017DB7D1300201DDC /* SSZipArchiveTests.xctest */;
			productType = "com.apple.product-type.bundle.unit-test";
		};
/* End PBXNativeTarget section */

/* Begin PBXProject section */
		21CC419D17DB7D1300201DDC /* Project object */ = {
			isa = PBXProject;
			attributes = {
				CLASSPREFIX = SS;
				LastUpgradeCheck = 0500;
				ORGANIZATIONNAME = "Sam Soffes";
				TargetAttributes = {
					21CC41BF17DB7D1300201DDC = {
						TestTargetID = 21CC41A417DB7D1300201DDC;
					};
				};
			};
			buildConfigurationList = 21CC41A017DB7D1300201DDC /* Build configuration list for PBXProject "SSZipArchive" */;
			compatibilityVersion = "Xcode 3.2";
			developmentRegion = English;
			hasScannedForEncodings = 0;
			knownRegions = (
				en,
			);
			mainGroup = 21CC419C17DB7D1300201DDC;
			productRefGroup = 21CC41A617DB7D1300201DDC /* Products */;
			projectDirPath = "";
			projectRoot = "";
			targets = (
				21CC41A417DB7D1300201DDC /* SSZipArchive */,
				21CC41BF17DB7D1300201DDC /* SSZipArchiveTests */,
			);
		};
/* End PBXProject section */

/* Begin PBXResourcesBuildPhase section */
		21CC41A317DB7D1300201DDC /* Resources */ = {
			isa = PBXResourcesBuildPhase;
			buildActionMask = 2147483647;
			files = (
				3D18E4C51B236A7500627171 /* 0.m4a in Resources */,
				3D18E4CB1B236A7500627171 /* 6.m4a in Resources */,
				3D18E4CC1B236A7500627171 /* 7.m4a in Resources */,
				3D18E4C91B236A7500627171 /* 4.m4a in Resources */,
				3D18E4C61B236A7500627171 /* 1.m4a in Resources */,
				3D18E4CA1B236A7500627171 /* 5.m4a in Resources */,
				011F4B96182D71B700DE704F /* RelativeSymbolicLink.zip in Resources */,
				3D18E4CE1B236C2A00627171 /* hello.zip in Resources */,
				A5CD0D3A1AD3490700E7F209 /* Default-568h@2x.png in Resources */,
				3D18E4C81B236A7500627171 /* 3.m4a in Resources */,
				3D18E4C71B236A7500627171 /* 2.m4a in Resources */,
			);
			runOnlyForDeploymentPostprocessing = 0;
		};
		21CC41BE17DB7D1300201DDC /* Resources */ = {
			isa = PBXResourcesBuildPhase;
			buildActionMask = 2147483647;
			files = (
				011F4B97182D72B400DE704F /* RelativeSymbolicLink.zip in Resources */,
				21CC41F817DB7D3500201DDC /* IncorrectHeaders.zip in Resources */,
				21CC41FD17DB7D3500201DDC /* Unicode.zip in Resources */,
				21CC41FA17DB7D3500201DDC /* SymbolicLink.zip in Resources */,
				21CC41F917DB7D3500201DDC /* PermissionsTestApp.app in Resources */,
				21CC41FB17DB7D3500201DDC /* TestArchive.zip in Resources */,
				21CC41FC17DB7D3500201DDC /* TestPasswordArchive.zip in Resources */,
			);
			runOnlyForDeploymentPostprocessing = 0;
		};
/* End PBXResourcesBuildPhase section */

/* Begin PBXSourcesBuildPhase section */
		21CC41A117DB7D1300201DDC /* Sources */ = {
			isa = PBXSourcesBuildPhase;
			buildActionMask = 2147483647;
			files = (
				210D525817DEFB880060D41A /* unzip.c in Sources */,
				21CC41EC17DB7D2F00201DDC /* SSZipArchive.m in Sources */,
				21CC421117DB7D7900201DDC /* SSAppDelegate.m in Sources */,
				210D525417DEFB880060D41A /* ioapi.c in Sources */,
				210D525A17DEFB880060D41A /* zip.c in Sources */,
				21CC421017DB7D7400201DDC /* main.m in Sources */,
				3D18E4BC1B2367A300627171 /* CollectingDelegate.m in Sources */,
				210D525617DEFB880060D41A /* mztools.c in Sources */,
			);
			runOnlyForDeploymentPostprocessing = 0;
		};
		21CC41BC17DB7D1300201DDC /* Sources */ = {
			isa = PBXSourcesBuildPhase;
			buildActionMask = 2147483647;
			files = (
				210D525517DEFB880060D41A /* ioapi.c in Sources */,
				210D525917DEFB880060D41A /* unzip.c in Sources */,
				21CC41FF17DB7D3500201DDC /* SSZipArchiveTests.m in Sources */,
				210D525B17DEFB880060D41A /* zip.c in Sources */,
				210D525717DEFB880060D41A /* mztools.c in Sources */,
				21CC41ED17DB7D2F00201DDC /* SSZipArchive.m in Sources */,
			);
			runOnlyForDeploymentPostprocessing = 0;
		};
/* End PBXSourcesBuildPhase section */

/* Begin PBXTargetDependency section */
		21CC41C617DB7D1300201DDC /* PBXTargetDependency */ = {
			isa = PBXTargetDependency;
			target = 21CC41A417DB7D1300201DDC /* SSZipArchive */;
			targetProxy = 21CC41C517DB7D1300201DDC /* PBXContainerItemProxy */;
		};
/* End PBXTargetDependency section */

/* Begin XCBuildConfiguration section */
		21CC41CF17DB7D1300201DDC /* Debug */ = {
			isa = XCBuildConfiguration;
			buildSettings = {
				ALWAYS_SEARCH_USER_PATHS = NO;
				CLANG_CXX_LANGUAGE_STANDARD = "gnu++0x";
				CLANG_CXX_LIBRARY = "libc++";
				CLANG_ENABLE_MODULES = YES;
				CLANG_ENABLE_OBJC_ARC = YES;
				CLANG_WARN_BOOL_CONVERSION = YES;
				CLANG_WARN_CONSTANT_CONVERSION = YES;
				CLANG_WARN_DIRECT_OBJC_ISA_USAGE = YES_ERROR;
				CLANG_WARN_EMPTY_BODY = YES;
				CLANG_WARN_ENUM_CONVERSION = YES;
				CLANG_WARN_INT_CONVERSION = YES;
				CLANG_WARN_OBJC_ROOT_CLASS = YES_ERROR;
				CLANG_WARN__DUPLICATE_METHOD_MATCH = YES;
				"CODE_SIGN_IDENTITY[sdk=iphoneos*]" = "iPhone Developer";
				COPY_PHASE_STRIP = NO;
				GCC_C_LANGUAGE_STANDARD = gnu99;
				GCC_DYNAMIC_NO_PIC = NO;
				GCC_OPTIMIZATION_LEVEL = 0;
				GCC_PREPROCESSOR_DEFINITIONS = (
					"DEBUG=1",
					"$(inherited)",
				);
				GCC_SYMBOLS_PRIVATE_EXTERN = NO;
				GCC_WARN_ABOUT_RETURN_TYPE = YES_ERROR;
				GCC_WARN_UNDECLARED_SELECTOR = YES;
				GCC_WARN_UNINITIALIZED_AUTOS = YES;
				GCC_WARN_UNUSED_FUNCTION = YES;
				GCC_WARN_UNUSED_VARIABLE = YES;
				IPHONEOS_DEPLOYMENT_TARGET = 7.0;
				ONLY_ACTIVE_ARCH = YES;
				SDKROOT = iphoneos;
				TARGETED_DEVICE_FAMILY = "1,2";
			};
			name = Debug;
		};
		21CC41D017DB7D1300201DDC /* Release */ = {
			isa = XCBuildConfiguration;
			buildSettings = {
				ALWAYS_SEARCH_USER_PATHS = NO;
				CLANG_CXX_LANGUAGE_STANDARD = "gnu++0x";
				CLANG_CXX_LIBRARY = "libc++";
				CLANG_ENABLE_MODULES = YES;
				CLANG_ENABLE_OBJC_ARC = YES;
				CLANG_WARN_BOOL_CONVERSION = YES;
				CLANG_WARN_CONSTANT_CONVERSION = YES;
				CLANG_WARN_DIRECT_OBJC_ISA_USAGE = YES_ERROR;
				CLANG_WARN_EMPTY_BODY = YES;
				CLANG_WARN_ENUM_CONVERSION = YES;
				CLANG_WARN_INT_CONVERSION = YES;
				CLANG_WARN_OBJC_ROOT_CLASS = YES_ERROR;
				CLANG_WARN__DUPLICATE_METHOD_MATCH = YES;
				"CODE_SIGN_IDENTITY[sdk=iphoneos*]" = "iPhone Developer";
				COPY_PHASE_STRIP = YES;
				ENABLE_NS_ASSERTIONS = NO;
				GCC_C_LANGUAGE_STANDARD = gnu99;
				GCC_WARN_ABOUT_RETURN_TYPE = YES_ERROR;
				GCC_WARN_UNDECLARED_SELECTOR = YES;
				GCC_WARN_UNINITIALIZED_AUTOS = YES;
				GCC_WARN_UNUSED_FUNCTION = YES;
				GCC_WARN_UNUSED_VARIABLE = YES;
				IPHONEOS_DEPLOYMENT_TARGET = 7.0;
				SDKROOT = iphoneos;
				TARGETED_DEVICE_FAMILY = "1,2";
				VALIDATE_PRODUCT = YES;
			};
			name = Release;
		};
		21CC41D217DB7D1300201DDC /* Debug */ = {
			isa = XCBuildConfiguration;
			buildSettings = {
				CLANG_ENABLE_OBJC_ARC = YES;
				GCC_PRECOMPILE_PREFIX_HEADER = YES;
				GCC_PREFIX_HEADER = "$(SRCROOT)/Sample Application/Supporting Files/SSZipArchive-Prefix.pch";
				INFOPLIST_FILE = "$(SRCROOT)/Sample Application/Supporting Files/SSZipArchive-Info.plist";
				PRODUCT_NAME = "$(TARGET_NAME)";
				WRAPPER_EXTENSION = app;
			};
			name = Debug;
		};
		21CC41D317DB7D1300201DDC /* Release */ = {
			isa = XCBuildConfiguration;
			buildSettings = {
				CLANG_ENABLE_OBJC_ARC = YES;
				GCC_PRECOMPILE_PREFIX_HEADER = YES;
				GCC_PREFIX_HEADER = "$(SRCROOT)/Sample Application/Supporting Files/SSZipArchive-Prefix.pch";
				INFOPLIST_FILE = "$(SRCROOT)/Sample Application/Supporting Files/SSZipArchive-Info.plist";
				PRODUCT_NAME = "$(TARGET_NAME)";
				WRAPPER_EXTENSION = app;
			};
			name = Release;
		};
		21CC41D517DB7D1300201DDC /* Debug */ = {
			isa = XCBuildConfiguration;
			buildSettings = {
				BUNDLE_LOADER = "$(BUILT_PRODUCTS_DIR)/SSZipArchive.app/SSZipArchive";
				CLANG_ENABLE_OBJC_ARC = YES;
				FRAMEWORK_SEARCH_PATHS = (
					"$(SDKROOT)/Developer/Library/Frameworks",
					"$(inherited)",
					"$(DEVELOPER_FRAMEWORKS_DIR)",
				);
				GCC_PREPROCESSOR_DEFINITIONS = (
					"DEBUG=1",
					"$(inherited)",
				);
				INFOPLIST_FILE = "Tests/SSZipArchiveTests-Info.plist";
				PRODUCT_NAME = "$(TARGET_NAME)";
				TEST_HOST = "$(BUNDLE_LOADER)";
				WRAPPER_EXTENSION = xctest;
			};
			name = Debug;
		};
		21CC41D617DB7D1300201DDC /* Release */ = {
			isa = XCBuildConfiguration;
			buildSettings = {
				BUNDLE_LOADER = "$(BUILT_PRODUCTS_DIR)/SSZipArchive.app/SSZipArchive";
				CLANG_ENABLE_OBJC_ARC = YES;
				FRAMEWORK_SEARCH_PATHS = (
					"$(SDKROOT)/Developer/Library/Frameworks",
					"$(inherited)",
					"$(DEVELOPER_FRAMEWORKS_DIR)",
				);
				INFOPLIST_FILE = "Tests/SSZipArchiveTests-Info.plist";
				PRODUCT_NAME = "$(TARGET_NAME)";
				TEST_HOST = "$(BUNDLE_LOADER)";
				WRAPPER_EXTENSION = xctest;
			};
			name = Release;
		};
/* End XCBuildConfiguration section */

/* Begin XCConfigurationList section */
		21CC41A017DB7D1300201DDC /* Build configuration list for PBXProject "SSZipArchive" */ = {
			isa = XCConfigurationList;
			buildConfigurations = (
				21CC41CF17DB7D1300201DDC /* Debug */,
				21CC41D017DB7D1300201DDC /* Release */,
			);
			defaultConfigurationIsVisible = 0;
			defaultConfigurationName = Release;
		};
		21CC41D117DB7D1300201DDC /* Build configuration list for PBXNativeTarget "SSZipArchive" */ = {
			isa = XCConfigurationList;
			buildConfigurations = (
				21CC41D217DB7D1300201DDC /* Debug */,
				21CC41D317DB7D1300201DDC /* Release */,
			);
			defaultConfigurationIsVisible = 0;
			defaultConfigurationName = Release;
		};
		21CC41D417DB7D1300201DDC /* Build configuration list for PBXNativeTarget "SSZipArchiveTests" */ = {
			isa = XCConfigurationList;
			buildConfigurations = (
				21CC41D517DB7D1300201DDC /* Debug */,
				21CC41D617DB7D1300201DDC /* Release */,
			);
			defaultConfigurationIsVisible = 0;
			defaultConfigurationName = Release;
		};
/* End XCConfigurationList section */
	};
	rootObject = 21CC419D17DB7D1300201DDC /* Project object */;
}
