// !$*UTF8*$!
{
	archiveVersion = 1;
	classes = {
	};
	objectVersion = 46;
	objects = {

/* Begin PBXBuildFile section */
		210D525417DEFB880060D41A /* ioapi.c in Sources */ = {isa = PBXBuildFile; fileRef = 210D524C17DEFB880060D41A /* ioapi.c */; };
		210D525617DEFB880060D41A /* mztools.c in Sources */ = {isa = PBXBuildFile; fileRef = 210D524E17DEFB880060D41A /* mztools.c */; };
		210D525817DEFB880060D41A /* unzip.c in Sources */ = {isa = PBXBuildFile; fileRef = 210D525017DEFB880060D41A /* unzip.c */; };
		210D525A17DEFB880060D41A /* zip.c in Sources */ = {isa = PBXBuildFile; fileRef = 210D525217DEFB880060D41A /* zip.c */; };
		21CC41A917DB7D1300201DDC /* Foundation.framework in Frameworks */ = {isa = PBXBuildFile; fileRef = 21CC41A817DB7D1300201DDC /* Foundation.framework */; };
		21CC41AB17DB7D1300201DDC /* CoreGraphics.framework in Frameworks */ = {isa = PBXBuildFile; fileRef = 21CC41AA17DB7D1300201DDC /* CoreGraphics.framework */; };
		21CC41AD17DB7D1300201DDC /* UIKit.framework in Frameworks */ = {isa = PBXBuildFile; fileRef = 21CC41AC17DB7D1300201DDC /* UIKit.framework */; };
		21CC41EC17DB7D2F00201DDC /* SSZipArchive.m in Sources */ = {isa = PBXBuildFile; fileRef = 21CC41E317DB7D2F00201DDC /* SSZipArchive.m */; };
		21CC420F17DB7D6F00201DDC /* Images.xcassets in Resources */ = {isa = PBXBuildFile; fileRef = 21CC420817DB7D6300201DDC /* Images.xcassets */; };
		21CC421017DB7D7400201DDC /* main.m in Sources */ = {isa = PBXBuildFile; fileRef = 21CC420517DB7D6300201DDC /* main.m */; };
		21CC421117DB7D7900201DDC /* SSAppDelegate.m in Sources */ = {isa = PBXBuildFile; fileRef = 21CC420317DB7D6300201DDC /* SSAppDelegate.m */; };
		21CC421317DB7E0500201DDC /* libz.dylib in Frameworks */ = {isa = PBXBuildFile; fileRef = 21CC421217DB7E0500201DDC /* libz.dylib */; };
		A778373418270D9D00EBBB29 /* Foundation.framework in Frameworks */ = {isa = PBXBuildFile; fileRef = 21CC41A817DB7D1300201DDC /* Foundation.framework */; };
		A778374118270D9D00EBBB29 /* XCTest.framework in Frameworks */ = {isa = PBXBuildFile; fileRef = 21CC41C117DB7D1300201DDC /* XCTest.framework */; };
		A778374218270D9D00EBBB29 /* Foundation.framework in Frameworks */ = {isa = PBXBuildFile; fileRef = 21CC41A817DB7D1300201DDC /* Foundation.framework */; };
		A778374318270D9D00EBBB29 /* UIKit.framework in Frameworks */ = {isa = PBXBuildFile; fileRef = 21CC41AC17DB7D1300201DDC /* UIKit.framework */; };
		A778374618270D9D00EBBB29 /* libSSZipArchive.a in Frameworks */ = {isa = PBXBuildFile; fileRef = A778373318270D9D00EBBB29 /* libSSZipArchive.a */; };
		A778375518270E0D00EBBB29 /* SSZipArchive.m in Sources */ = {isa = PBXBuildFile; fileRef = 21CC41E317DB7D2F00201DDC /* SSZipArchive.m */; };
		A778375618270E0D00EBBB29 /* ioapi.c in Sources */ = {isa = PBXBuildFile; fileRef = 210D524C17DEFB880060D41A /* ioapi.c */; };
		A778375718270E0D00EBBB29 /* mztools.c in Sources */ = {isa = PBXBuildFile; fileRef = 210D524E17DEFB880060D41A /* mztools.c */; };
		A778375818270E0D00EBBB29 /* unzip.c in Sources */ = {isa = PBXBuildFile; fileRef = 210D525017DEFB880060D41A /* unzip.c */; };
		A778375918270E0D00EBBB29 /* zip.c in Sources */ = {isa = PBXBuildFile; fileRef = 210D525217DEFB880060D41A /* zip.c */; };
		A778375A18270E3000EBBB29 /* SSZipArchiveTests.m in Sources */ = {isa = PBXBuildFile; fileRef = 21CC41F717DB7D3500201DDC /* SSZipArchiveTests.m */; };
		A778375B18270E4800EBBB29 /* IncorrectHeaders.zip in Resources */ = {isa = PBXBuildFile; fileRef = 21CC41F017DB7D3500201DDC /* IncorrectHeaders.zip */; };
		A778375C18270E4800EBBB29 /* SymbolicLink.zip in Resources */ = {isa = PBXBuildFile; fileRef = 21CC41F217DB7D3500201DDC /* SymbolicLink.zip */; };
		A778375D18270E4800EBBB29 /* TestArchive.zip in Resources */ = {isa = PBXBuildFile; fileRef = 21CC41F317DB7D3500201DDC /* TestArchive.zip */; };
		A778375E18270E4800EBBB29 /* TestPasswordArchive.zip in Resources */ = {isa = PBXBuildFile; fileRef = 21CC41F417DB7D3500201DDC /* TestPasswordArchive.zip */; };
		A778375F18270E4800EBBB29 /* Unicode.zip in Resources */ = {isa = PBXBuildFile; fileRef = 21CC41F517DB7D3500201DDC /* Unicode.zip */; };
		A77837641827108800EBBB29 /* libz.dylib in Frameworks */ = {isa = PBXBuildFile; fileRef = 21CC421217DB7E0500201DDC /* libz.dylib */; };
		A77837651827111100EBBB29 /* libz.dylib in Frameworks */ = {isa = PBXBuildFile; fileRef = 21CC421217DB7E0500201DDC /* libz.dylib */; };
/* End PBXBuildFile section */

/* Begin PBXContainerItemProxy section */
		A778374418270D9D00EBBB29 /* PBXContainerItemProxy */ = {
			isa = PBXContainerItemProxy;
			containerPortal = 21CC419D17DB7D1300201DDC /* Project object */;
			proxyType = 1;
			remoteGlobalIDString = A778373218270D9D00EBBB29;
			remoteInfo = SSZipArchive;
		};
/* End PBXContainerItemProxy section */

/* Begin PBXCopyFilesBuildPhase section */
		A778373118270D9D00EBBB29 /* CopyFiles */ = {
			isa = PBXCopyFilesBuildPhase;
			buildActionMask = 2147483647;
			dstPath = "include/$(PRODUCT_NAME)";
			dstSubfolderSpec = 16;
			files = (
			);
			runOnlyForDeploymentPostprocessing = 0;
		};
/* End PBXCopyFilesBuildPhase section */

/* Begin PBXFileReference section */
		210D524B17DEFB880060D41A /* crypt.h */ = {isa = PBXFileReference; fileEncoding = 4; lastKnownFileType = sourcecode.c.h; path = crypt.h; sourceTree = "<group>"; };
		210D524C17DEFB880060D41A /* ioapi.c */ = {isa = PBXFileReference; fileEncoding = 4; lastKnownFileType = sourcecode.c.c; path = ioapi.c; sourceTree = "<group>"; };
		210D524D17DEFB880060D41A /* ioapi.h */ = {isa = PBXFileReference; fileEncoding = 4; lastKnownFileType = sourcecode.c.h; path = ioapi.h; sourceTree = "<group>"; };
		210D524E17DEFB880060D41A /* mztools.c */ = {isa = PBXFileReference; fileEncoding = 4; lastKnownFileType = sourcecode.c.c; path = mztools.c; sourceTree = "<group>"; };
		210D524F17DEFB880060D41A /* mztools.h */ = {isa = PBXFileReference; fileEncoding = 4; lastKnownFileType = sourcecode.c.h; path = mztools.h; sourceTree = "<group>"; };
		210D525017DEFB880060D41A /* unzip.c */ = {isa = PBXFileReference; fileEncoding = 4; lastKnownFileType = sourcecode.c.c; path = unzip.c; sourceTree = "<group>"; };
		210D525117DEFB880060D41A /* unzip.h */ = {isa = PBXFileReference; fileEncoding = 4; lastKnownFileType = sourcecode.c.h; path = unzip.h; sourceTree = "<group>"; };
		210D525217DEFB880060D41A /* zip.c */ = {isa = PBXFileReference; fileEncoding = 4; lastKnownFileType = sourcecode.c.c; path = zip.c; sourceTree = "<group>"; };
		210D525317DEFB880060D41A /* zip.h */ = {isa = PBXFileReference; fileEncoding = 4; lastKnownFileType = sourcecode.c.h; path = zip.h; sourceTree = "<group>"; };
		21CC41A517DB7D1300201DDC /* SSZipArchiveExample.app */ = {isa = PBXFileReference; explicitFileType = wrapper.application; includeInIndex = 0; path = SSZipArchiveExample.app; sourceTree = BUILT_PRODUCTS_DIR; };
		21CC41A817DB7D1300201DDC /* Foundation.framework */ = {isa = PBXFileReference; lastKnownFileType = wrapper.framework; name = Foundation.framework; path = System/Library/Frameworks/Foundation.framework; sourceTree = SDKROOT; };
		21CC41AA17DB7D1300201DDC /* CoreGraphics.framework */ = {isa = PBXFileReference; lastKnownFileType = wrapper.framework; name = CoreGraphics.framework; path = System/Library/Frameworks/CoreGraphics.framework; sourceTree = SDKROOT; };
		21CC41AC17DB7D1300201DDC /* UIKit.framework */ = {isa = PBXFileReference; lastKnownFileType = wrapper.framework; name = UIKit.framework; path = System/Library/Frameworks/UIKit.framework; sourceTree = SDKROOT; };
		21CC41C117DB7D1300201DDC /* XCTest.framework */ = {isa = PBXFileReference; lastKnownFileType = wrapper.framework; name = XCTest.framework; path = Library/Frameworks/XCTest.framework; sourceTree = DEVELOPER_DIR; };
		21CC41E217DB7D2F00201DDC /* SSZipArchive.h */ = {isa = PBXFileReference; fileEncoding = 4; lastKnownFileType = sourcecode.c.h; path = SSZipArchive.h; sourceTree = "<group>"; };
		21CC41E317DB7D2F00201DDC /* SSZipArchive.m */ = {isa = PBXFileReference; fileEncoding = 4; lastKnownFileType = sourcecode.c.objc; path = SSZipArchive.m; sourceTree = "<group>"; };
		21CC41F017DB7D3500201DDC /* IncorrectHeaders.zip */ = {isa = PBXFileReference; lastKnownFileType = archive.zip; path = IncorrectHeaders.zip; sourceTree = "<group>"; };
		21CC41F117DB7D3500201DDC /* PermissionsTestApp.app */ = {isa = PBXFileReference; lastKnownFileType = wrapper.application; path = PermissionsTestApp.app; sourceTree = "<group>"; };
		21CC41F217DB7D3500201DDC /* SymbolicLink.zip */ = {isa = PBXFileReference; lastKnownFileType = archive.zip; path = SymbolicLink.zip; sourceTree = "<group>"; };
		21CC41F317DB7D3500201DDC /* TestArchive.zip */ = {isa = PBXFileReference; lastKnownFileType = archive.zip; path = TestArchive.zip; sourceTree = "<group>"; };
		21CC41F417DB7D3500201DDC /* TestPasswordArchive.zip */ = {isa = PBXFileReference; lastKnownFileType = archive.zip; path = TestPasswordArchive.zip; sourceTree = "<group>"; };
		21CC41F517DB7D3500201DDC /* Unicode.zip */ = {isa = PBXFileReference; lastKnownFileType = archive.zip; path = Unicode.zip; sourceTree = "<group>"; };
		21CC41F617DB7D3500201DDC /* SSZipArchiveTests-Info.plist */ = {isa = PBXFileReference; fileEncoding = 4; lastKnownFileType = text.plist.xml; path = "SSZipArchiveTests-Info.plist"; sourceTree = "<group>"; };
		21CC41F717DB7D3500201DDC /* SSZipArchiveTests.m */ = {isa = PBXFileReference; fileEncoding = 4; lastKnownFileType = sourcecode.c.objc; path = SSZipArchiveTests.m; sourceTree = "<group>"; };
		21CC420217DB7D6300201DDC /* SSAppDelegate.h */ = {isa = PBXFileReference; fileEncoding = 4; lastKnownFileType = sourcecode.c.h; path = SSAppDelegate.h; sourceTree = "<group>"; };
		21CC420317DB7D6300201DDC /* SSAppDelegate.m */ = {isa = PBXFileReference; fileEncoding = 4; lastKnownFileType = sourcecode.c.objc; path = SSAppDelegate.m; sourceTree = "<group>"; };
		21CC420517DB7D6300201DDC /* main.m */ = {isa = PBXFileReference; fileEncoding = 4; lastKnownFileType = sourcecode.c.objc; path = main.m; sourceTree = "<group>"; };
		21CC420617DB7D6300201DDC /* SSZipArchive-Prefix.pch */ = {isa = PBXFileReference; fileEncoding = 4; lastKnownFileType = sourcecode.c.h; path = "SSZipArchive-Prefix.pch"; sourceTree = "<group>"; };
		21CC420817DB7D6300201DDC /* Images.xcassets */ = {isa = PBXFileReference; lastKnownFileType = folder.assetcatalog; path = Images.xcassets; sourceTree = "<group>"; };
		21CC420917DB7D6300201DDC /* SSZipArchive-Info.plist */ = {isa = PBXFileReference; fileEncoding = 4; lastKnownFileType = text.plist.xml; path = "SSZipArchive-Info.plist"; sourceTree = "<group>"; };
		21CC421217DB7E0500201DDC /* libz.dylib */ = {isa = PBXFileReference; lastKnownFileType = "compiled.mach-o.dylib"; name = libz.dylib; path = usr/lib/libz.dylib; sourceTree = SDKROOT; };
		A778373318270D9D00EBBB29 /* libSSZipArchive.a */ = {isa = PBXFileReference; explicitFileType = archive.ar; includeInIndex = 0; path = libSSZipArchive.a; sourceTree = BUILT_PRODUCTS_DIR; };
		A778374018270D9D00EBBB29 /* SSZipArchiveTests.xctest */ = {isa = PBXFileReference; explicitFileType = wrapper.cfbundle; includeInIndex = 0; path = SSZipArchiveTests.xctest; sourceTree = BUILT_PRODUCTS_DIR; };
		A778376318270F3300EBBB29 /* SSZipArchive-Prefix.pch */ = {isa = PBXFileReference; lastKnownFileType = sourcecode.c.h; name = "SSZipArchive-Prefix.pch"; path = "Library/SSZipArchive-Prefix.pch"; sourceTree = "<group>"; };
/* End PBXFileReference section */

/* Begin PBXFrameworksBuildPhase section */
		21CC41A217DB7D1300201DDC /* Frameworks */ = {
			isa = PBXFrameworksBuildPhase;
			buildActionMask = 2147483647;
			files = (
				21CC421317DB7E0500201DDC /* libz.dylib in Frameworks */,
				21CC41AB17DB7D1300201DDC /* CoreGraphics.framework in Frameworks */,
				21CC41AD17DB7D1300201DDC /* UIKit.framework in Frameworks */,
				21CC41A917DB7D1300201DDC /* Foundation.framework in Frameworks */,
			);
			runOnlyForDeploymentPostprocessing = 0;
		};
		A778373018270D9D00EBBB29 /* Frameworks */ = {
			isa = PBXFrameworksBuildPhase;
			buildActionMask = 2147483647;
			files = (
				A77837641827108800EBBB29 /* libz.dylib in Frameworks */,
				A778373418270D9D00EBBB29 /* Foundation.framework in Frameworks */,
			);
			runOnlyForDeploymentPostprocessing = 0;
		};
		A778373D18270D9D00EBBB29 /* Frameworks */ = {
			isa = PBXFrameworksBuildPhase;
			buildActionMask = 2147483647;
			files = (
				A77837651827111100EBBB29 /* libz.dylib in Frameworks */,
				A778374118270D9D00EBBB29 /* XCTest.framework in Frameworks */,
				A778374318270D9D00EBBB29 /* UIKit.framework in Frameworks */,
				A778374618270D9D00EBBB29 /* libSSZipArchive.a in Frameworks */,
				A778374218270D9D00EBBB29 /* Foundation.framework in Frameworks */,
			);
			runOnlyForDeploymentPostprocessing = 0;
		};
/* End PBXFrameworksBuildPhase section */

/* Begin PBXGroup section */
		210D524A17DEFB880060D41A /* minizip */ = {
			isa = PBXGroup;
			children = (
				210D524B17DEFB880060D41A /* crypt.h */,
				210D524C17DEFB880060D41A /* ioapi.c */,
				210D524D17DEFB880060D41A /* ioapi.h */,
				210D524E17DEFB880060D41A /* mztools.c */,
				210D524F17DEFB880060D41A /* mztools.h */,
				210D525017DEFB880060D41A /* unzip.c */,
				210D525117DEFB880060D41A /* unzip.h */,
				210D525217DEFB880060D41A /* zip.c */,
				210D525317DEFB880060D41A /* zip.h */,
			);
			path = minizip;
			sourceTree = "<group>";
		};
		21CC419C17DB7D1300201DDC = {
			isa = PBXGroup;
			children = (
				21CC41D717DB7D2F00201DDC /* SSZipArchive */,
				A778376218270EC900EBBB29 /* Library */,
				21CC420017DB7D6300201DDC /* Example */,
				21CC41EE17DB7D3500201DDC /* Tests */,
				21CC41A717DB7D1300201DDC /* Frameworks */,
				21CC41A617DB7D1300201DDC /* Products */,
			);
			sourceTree = "<group>";
		};
		21CC41A617DB7D1300201DDC /* Products */ = {
			isa = PBXGroup;
			children = (
				21CC41A517DB7D1300201DDC /* SSZipArchiveExample.app */,
				A778373318270D9D00EBBB29 /* libSSZipArchive.a */,
				A778374018270D9D00EBBB29 /* SSZipArchiveTests.xctest */,
			);
			name = Products;
			sourceTree = "<group>";
		};
		21CC41A717DB7D1300201DDC /* Frameworks */ = {
			isa = PBXGroup;
			children = (
				21CC421217DB7E0500201DDC /* libz.dylib */,
				21CC41A817DB7D1300201DDC /* Foundation.framework */,
				21CC41AA17DB7D1300201DDC /* CoreGraphics.framework */,
				21CC41AC17DB7D1300201DDC /* UIKit.framework */,
				21CC41C117DB7D1300201DDC /* XCTest.framework */,
			);
			name = Frameworks;
			sourceTree = "<group>";
		};
		21CC41D717DB7D2F00201DDC /* SSZipArchive */ = {
			isa = PBXGroup;
			children = (
				21CC41E217DB7D2F00201DDC /* SSZipArchive.h */,
				21CC41E317DB7D2F00201DDC /* SSZipArchive.m */,
				210D524A17DEFB880060D41A /* minizip */,
			);
			path = SSZipArchive;
			sourceTree = "<group>";
		};
		21CC41EE17DB7D3500201DDC /* Tests */ = {
			isa = PBXGroup;
			children = (
				21CC41EF17DB7D3500201DDC /* Fixtures */,
				21CC41F617DB7D3500201DDC /* SSZipArchiveTests-Info.plist */,
				21CC41F717DB7D3500201DDC /* SSZipArchiveTests.m */,
			);
			path = Tests;
			sourceTree = "<group>";
		};
		21CC41EF17DB7D3500201DDC /* Fixtures */ = {
			isa = PBXGroup;
			children = (
				21CC41F017DB7D3500201DDC /* IncorrectHeaders.zip */,
				21CC41F117DB7D3500201DDC /* PermissionsTestApp.app */,
				21CC41F217DB7D3500201DDC /* SymbolicLink.zip */,
				21CC41F317DB7D3500201DDC /* TestArchive.zip */,
				21CC41F417DB7D3500201DDC /* TestPasswordArchive.zip */,
				21CC41F517DB7D3500201DDC /* Unicode.zip */,
			);
			path = Fixtures;
			sourceTree = "<group>";
		};
		21CC420017DB7D6300201DDC /* Example */ = {
			isa = PBXGroup;
			children = (
				21CC420117DB7D6300201DDC /* Classes */,
				21CC420417DB7D6300201DDC /* Other Sources */,
				21CC420717DB7D6300201DDC /* Resources */,
			);
			path = Example;
			sourceTree = "<group>";
		};
		21CC420117DB7D6300201DDC /* Classes */ = {
			isa = PBXGroup;
			children = (
				21CC420217DB7D6300201DDC /* SSAppDelegate.h */,
				21CC420317DB7D6300201DDC /* SSAppDelegate.m */,
			);
			path = Classes;
			sourceTree = "<group>";
		};
		21CC420417DB7D6300201DDC /* Other Sources */ = {
			isa = PBXGroup;
			children = (
				21CC420517DB7D6300201DDC /* main.m */,
				21CC420617DB7D6300201DDC /* SSZipArchive-Prefix.pch */,
			);
			path = "Other Sources";
			sourceTree = "<group>";
		};
		21CC420717DB7D6300201DDC /* Resources */ = {
			isa = PBXGroup;
			children = (
				21CC420817DB7D6300201DDC /* Images.xcassets */,
				21CC420917DB7D6300201DDC /* SSZipArchive-Info.plist */,
			);
			path = Resources;
			sourceTree = "<group>";
		};
		A778376118270EB500EBBB29 /* Other Sources */ = {
			isa = PBXGroup;
			children = (
				A778376318270F3300EBBB29 /* SSZipArchive-Prefix.pch */,
			);
			name = "Other Sources";
			sourceTree = "<group>";
		};
		A778376218270EC900EBBB29 /* Library */ = {
			isa = PBXGroup;
			children = (
				A778376118270EB500EBBB29 /* Other Sources */,
			);
			name = Library;
			sourceTree = "<group>";
		};
/* End PBXGroup section */

/* Begin PBXNativeTarget section */
		21CC41A417DB7D1300201DDC /* SSZipArchiveExample */ = {
			isa = PBXNativeTarget;
			buildConfigurationList = 21CC41D117DB7D1300201DDC /* Build configuration list for PBXNativeTarget "SSZipArchiveExample" */;
			buildPhases = (
				21CC41A117DB7D1300201DDC /* Sources */,
				21CC41A217DB7D1300201DDC /* Frameworks */,
				21CC41A317DB7D1300201DDC /* Resources */,
			);
			buildRules = (
			);
			dependencies = (
			);
			name = SSZipArchiveExample;
			productName = SSZipArchive;
			productReference = 21CC41A517DB7D1300201DDC /* SSZipArchiveExample.app */;
			productType = "com.apple.product-type.application";
		};
		A778373218270D9D00EBBB29 /* SSZipArchive */ = {
			isa = PBXNativeTarget;
			buildConfigurationList = A778374F18270D9D00EBBB29 /* Build configuration list for PBXNativeTarget "SSZipArchive" */;
			buildPhases = (
				A778372F18270D9D00EBBB29 /* Sources */,
				A778373018270D9D00EBBB29 /* Frameworks */,
				A778373118270D9D00EBBB29 /* CopyFiles */,
			);
			buildRules = (
			);
			dependencies = (
			);
			name = SSZipArchive;
			productName = SSZipArchive;
			productReference = A778373318270D9D00EBBB29 /* libSSZipArchive.a */;
			productType = "com.apple.product-type.library.static";
		};
		A778373F18270D9D00EBBB29 /* SSZipArchiveTests */ = {
			isa = PBXNativeTarget;
			buildConfigurationList = A778375218270D9D00EBBB29 /* Build configuration list for PBXNativeTarget "SSZipArchiveTests" */;
			buildPhases = (
				A778373C18270D9D00EBBB29 /* Sources */,
				A778373D18270D9D00EBBB29 /* Frameworks */,
				A778373E18270D9D00EBBB29 /* Resources */,
			);
			buildRules = (
			);
			dependencies = (
				A778374518270D9D00EBBB29 /* PBXTargetDependency */,
			);
			name = SSZipArchiveTests;
			productName = SSZipArchiveTests;
			productReference = A778374018270D9D00EBBB29 /* SSZipArchiveTests.xctest */;
			productType = "com.apple.product-type.bundle.unit-test";
		};
/* End PBXNativeTarget section */

/* Begin PBXProject section */
		21CC419D17DB7D1300201DDC /* Project object */ = {
			isa = PBXProject;
			attributes = {
				CLASSPREFIX = SS;
				LastUpgradeCheck = 0500;
				ORGANIZATIONNAME = "Sam Soffes";
				TargetAttributes = {
					A778373F18270D9D00EBBB29 = {
						TestTargetID = A778373218270D9D00EBBB29;
					};
				};
			};
			buildConfigurationList = 21CC41A017DB7D1300201DDC /* Build configuration list for PBXProject "SSZipArchive" */;
			compatibilityVersion = "Xcode 3.2";
			developmentRegion = English;
			hasScannedForEncodings = 0;
			knownRegions = (
				en,
			);
			mainGroup = 21CC419C17DB7D1300201DDC;
			productRefGroup = 21CC41A617DB7D1300201DDC /* Products */;
			projectDirPath = "";
			projectRoot = "";
			targets = (
				21CC41A417DB7D1300201DDC /* SSZipArchiveExample */,
				A778373218270D9D00EBBB29 /* SSZipArchive */,
				A778373F18270D9D00EBBB29 /* SSZipArchiveTests */,
			);
		};
/* End PBXProject section */

/* Begin PBXResourcesBuildPhase section */
		21CC41A317DB7D1300201DDC /* Resources */ = {
			isa = PBXResourcesBuildPhase;
			buildActionMask = 2147483647;
			files = (
				21CC420F17DB7D6F00201DDC /* Images.xcassets in Resources */,
			);
			runOnlyForDeploymentPostprocessing = 0;
		};
		A778373E18270D9D00EBBB29 /* Resources */ = {
			isa = PBXResourcesBuildPhase;
			buildActionMask = 2147483647;
			files = (
				A778375B18270E4800EBBB29 /* IncorrectHeaders.zip in Resources */,
				A778375F18270E4800EBBB29 /* Unicode.zip in Resources */,
				A778375E18270E4800EBBB29 /* TestPasswordArchive.zip in Resources */,
				A778375C18270E4800EBBB29 /* SymbolicLink.zip in Resources */,
				A778375D18270E4800EBBB29 /* TestArchive.zip in Resources */,
			);
			runOnlyForDeploymentPostprocessing = 0;
		};
/* End PBXResourcesBuildPhase section */

/* Begin PBXSourcesBuildPhase section */
		21CC41A117DB7D1300201DDC /* Sources */ = {
			isa = PBXSourcesBuildPhase;
			buildActionMask = 2147483647;
			files = (
				210D525817DEFB880060D41A /* unzip.c in Sources */,
				21CC41EC17DB7D2F00201DDC /* SSZipArchive.m in Sources */,
				21CC421117DB7D7900201DDC /* SSAppDelegate.m in Sources */,
				210D525417DEFB880060D41A /* ioapi.c in Sources */,
				210D525A17DEFB880060D41A /* zip.c in Sources */,
				21CC421017DB7D7400201DDC /* main.m in Sources */,
				210D525617DEFB880060D41A /* mztools.c in Sources */,
			);
			runOnlyForDeploymentPostprocessing = 0;
		};
		A778372F18270D9D00EBBB29 /* Sources */ = {
			isa = PBXSourcesBuildPhase;
			buildActionMask = 2147483647;
			files = (
				A778375618270E0D00EBBB29 /* ioapi.c in Sources */,
				A778375518270E0D00EBBB29 /* SSZipArchive.m in Sources */,
				A778375818270E0D00EBBB29 /* unzip.c in Sources */,
				A778375918270E0D00EBBB29 /* zip.c in Sources */,
				A778375718270E0D00EBBB29 /* mztools.c in Sources */,
			);
			runOnlyForDeploymentPostprocessing = 0;
		};
		A778373C18270D9D00EBBB29 /* Sources */ = {
			isa = PBXSourcesBuildPhase;
			buildActionMask = 2147483647;
			files = (
				A778375A18270E3000EBBB29 /* SSZipArchiveTests.m in Sources */,
			);
			runOnlyForDeploymentPostprocessing = 0;
		};
/* End PBXSourcesBuildPhase section */

/* Begin PBXTargetDependency section */
		A778374518270D9D00EBBB29 /* PBXTargetDependency */ = {
			isa = PBXTargetDependency;
			target = A778373218270D9D00EBBB29 /* SSZipArchive */;
			targetProxy = A778374418270D9D00EBBB29 /* PBXContainerItemProxy */;
		};
/* End PBXTargetDependency section */

/* Begin XCBuildConfiguration section */
		21CC41CF17DB7D1300201DDC /* Debug */ = {
			isa = XCBuildConfiguration;
			buildSettings = {
				ALWAYS_SEARCH_USER_PATHS = NO;
				CLANG_CXX_LANGUAGE_STANDARD = "gnu++0x";
				CLANG_CXX_LIBRARY = "libc++";
				CLANG_ENABLE_MODULES = YES;
				CLANG_ENABLE_OBJC_ARC = YES;
				CLANG_WARN_BOOL_CONVERSION = YES;
				CLANG_WARN_CONSTANT_CONVERSION = YES;
				CLANG_WARN_DIRECT_OBJC_ISA_USAGE = YES_ERROR;
				CLANG_WARN_EMPTY_BODY = YES;
				CLANG_WARN_ENUM_CONVERSION = YES;
				CLANG_WARN_INT_CONVERSION = YES;
				CLANG_WARN_OBJC_ROOT_CLASS = YES_ERROR;
				CLANG_WARN__DUPLICATE_METHOD_MATCH = YES;
				"CODE_SIGN_IDENTITY[sdk=iphoneos*]" = "iPhone Developer";
				COPY_PHASE_STRIP = NO;
				GCC_C_LANGUAGE_STANDARD = gnu99;
				GCC_DYNAMIC_NO_PIC = NO;
				GCC_OPTIMIZATION_LEVEL = 0;
				GCC_PREPROCESSOR_DEFINITIONS = (
					"DEBUG=1",
					"$(inherited)",
				);
				GCC_SYMBOLS_PRIVATE_EXTERN = NO;
				GCC_WARN_ABOUT_RETURN_TYPE = YES_ERROR;
				GCC_WARN_UNDECLARED_SELECTOR = YES;
				GCC_WARN_UNINITIALIZED_AUTOS = YES;
				GCC_WARN_UNUSED_FUNCTION = YES;
				GCC_WARN_UNUSED_VARIABLE = YES;
				IPHONEOS_DEPLOYMENT_TARGET = 7.0;
				ONLY_ACTIVE_ARCH = YES;
				SDKROOT = iphoneos;
				TARGETED_DEVICE_FAMILY = "1,2";
			};
			name = Debug;
		};
		21CC41D017DB7D1300201DDC /* Release */ = {
			isa = XCBuildConfiguration;
			buildSettings = {
				ALWAYS_SEARCH_USER_PATHS = NO;
				CLANG_CXX_LANGUAGE_STANDARD = "gnu++0x";
				CLANG_CXX_LIBRARY = "libc++";
				CLANG_ENABLE_MODULES = YES;
				CLANG_ENABLE_OBJC_ARC = YES;
				CLANG_WARN_BOOL_CONVERSION = YES;
				CLANG_WARN_CONSTANT_CONVERSION = YES;
				CLANG_WARN_DIRECT_OBJC_ISA_USAGE = YES_ERROR;
				CLANG_WARN_EMPTY_BODY = YES;
				CLANG_WARN_ENUM_CONVERSION = YES;
				CLANG_WARN_INT_CONVERSION = YES;
				CLANG_WARN_OBJC_ROOT_CLASS = YES_ERROR;
				CLANG_WARN__DUPLICATE_METHOD_MATCH = YES;
				"CODE_SIGN_IDENTITY[sdk=iphoneos*]" = "iPhone Developer";
				COPY_PHASE_STRIP = YES;
				ENABLE_NS_ASSERTIONS = NO;
				GCC_C_LANGUAGE_STANDARD = gnu99;
				GCC_WARN_ABOUT_RETURN_TYPE = YES_ERROR;
				GCC_WARN_UNDECLARED_SELECTOR = YES;
				GCC_WARN_UNINITIALIZED_AUTOS = YES;
				GCC_WARN_UNUSED_FUNCTION = YES;
				GCC_WARN_UNUSED_VARIABLE = YES;
				IPHONEOS_DEPLOYMENT_TARGET = 7.0;
				SDKROOT = iphoneos;
				TARGETED_DEVICE_FAMILY = "1,2";
				VALIDATE_PRODUCT = YES;
			};
			name = Release;
		};
		21CC41D217DB7D1300201DDC /* Debug */ = {
			isa = XCBuildConfiguration;
			buildSettings = {
				ASSETCATALOG_COMPILER_APPICON_NAME = AppIcon;
				ASSETCATALOG_COMPILER_LAUNCHIMAGE_NAME = LaunchImage;
				GCC_PRECOMPILE_PREFIX_HEADER = YES;
				GCC_PREFIX_HEADER = "Example/Other Sources/SSZipArchive-Prefix.pch";
				INFOPLIST_FILE = "Example/Resources/SSZipArchive-Info.plist";
				PRODUCT_NAME = "$(TARGET_NAME)";
				WRAPPER_EXTENSION = app;
			};
			name = Debug;
		};
		21CC41D317DB7D1300201DDC /* Release */ = {
			isa = XCBuildConfiguration;
			buildSettings = {
				ASSETCATALOG_COMPILER_APPICON_NAME = AppIcon;
				ASSETCATALOG_COMPILER_LAUNCHIMAGE_NAME = LaunchImage;
				GCC_PRECOMPILE_PREFIX_HEADER = YES;
				GCC_PREFIX_HEADER = "Example/Other Sources/SSZipArchive-Prefix.pch";
				INFOPLIST_FILE = "Example/Resources/SSZipArchive-Info.plist";
				PRODUCT_NAME = "$(TARGET_NAME)";
				WRAPPER_EXTENSION = app;
			};
			name = Release;
		};
		A778375018270D9D00EBBB29 /* Debug */ = {
			isa = XCBuildConfiguration;
			buildSettings = {
				ARCHS = "$(ARCHS_STANDARD)";
				DSTROOT = /tmp/SSZipArchive.dst;
				GCC_PRECOMPILE_PREFIX_HEADER = YES;
				GCC_PREFIX_HEADER = "Library/SSZipArchive-Prefix.pch";
				GCC_PREPROCESSOR_DEFINITIONS = (
					"DEBUG=1",
					"$(inherited)",
				);
				GCC_WARN_64_TO_32_BIT_CONVERSION = YES;
				OTHER_LDFLAGS = "-ObjC";
				PRODUCT_NAME = "$(TARGET_NAME)";
				SKIP_INSTALL = YES;
			};
			name = Debug;
		};
		A778375118270D9D00EBBB29 /* Release */ = {
			isa = XCBuildConfiguration;
			buildSettings = {
				ARCHS = "$(ARCHS_STANDARD)";
				DSTROOT = /tmp/SSZipArchive.dst;
				GCC_PRECOMPILE_PREFIX_HEADER = YES;
				GCC_PREFIX_HEADER = "Library/SSZipArchive-Prefix.pch";
				GCC_WARN_64_TO_32_BIT_CONVERSION = YES;
				OTHER_LDFLAGS = "-ObjC";
				PRODUCT_NAME = "$(TARGET_NAME)";
				SKIP_INSTALL = YES;
			};
			name = Release;
		};
		A778375318270D9D00EBBB29 /* Debug */ = {
			isa = XCBuildConfiguration;
			buildSettings = {
				ARCHS = "$(ARCHS_STANDARD)";
				FRAMEWORK_SEARCH_PATHS = (
					"$(SDKROOT)/Developer/Library/Frameworks",
					"$(inherited)",
					"$(DEVELOPER_FRAMEWORKS_DIR)",
				);
				GCC_PRECOMPILE_PREFIX_HEADER = YES;
				GCC_PREFIX_HEADER = "Library/SSZipArchive-Prefix.pch";
				GCC_PREPROCESSOR_DEFINITIONS = (
					"DEBUG=1",
					"$(inherited)",
				);
				GCC_WARN_64_TO_32_BIT_CONVERSION = YES;
				INFOPLIST_FILE = "Tests/SSZipArchiveTests-Info.plist";
				ONLY_ACTIVE_ARCH = YES;
				PRODUCT_NAME = "$(TARGET_NAME)";
				WRAPPER_EXTENSION = xctest;
			};
			name = Debug;
		};
		A778375418270D9D00EBBB29 /* Release */ = {
			isa = XCBuildConfiguration;
			buildSettings = {
				ARCHS = "$(ARCHS_STANDARD)";
				FRAMEWORK_SEARCH_PATHS = (
					"$(SDKROOT)/Developer/Library/Frameworks",
					"$(inherited)",
					"$(DEVELOPER_FRAMEWORKS_DIR)",
				);
				GCC_PRECOMPILE_PREFIX_HEADER = YES;
				GCC_PREFIX_HEADER = "Library/SSZipArchive-Prefix.pch";
				GCC_WARN_64_TO_32_BIT_CONVERSION = YES;
				INFOPLIST_FILE = "Tests/SSZipArchiveTests-Info.plist";
				PRODUCT_NAME = "$(TARGET_NAME)";
				WRAPPER_EXTENSION = xctest;
			};
			name = Release;
		};
/* End XCBuildConfiguration section */

/* Begin XCConfigurationList section */
		21CC41A017DB7D1300201DDC /* Build configuration list for PBXProject "SSZipArchive" */ = {
			isa = XCConfigurationList;
			buildConfigurations = (
				21CC41CF17DB7D1300201DDC /* Debug */,
				21CC41D017DB7D1300201DDC /* Release */,
			);
			defaultConfigurationIsVisible = 0;
			defaultConfigurationName = Release;
		};
		21CC41D117DB7D1300201DDC /* Build configuration list for PBXNativeTarget "SSZipArchiveExample" */ = {
			isa = XCConfigurationList;
			buildConfigurations = (
				21CC41D217DB7D1300201DDC /* Debug */,
				21CC41D317DB7D1300201DDC /* Release */,
			);
			defaultConfigurationIsVisible = 0;
			defaultConfigurationName = Release;
		};
		A778374F18270D9D00EBBB29 /* Build configuration list for PBXNativeTarget "SSZipArchive" */ = {
			isa = XCConfigurationList;
			buildConfigurations = (
				A778375018270D9D00EBBB29 /* Debug */,
				A778375118270D9D00EBBB29 /* Release */,
			);
			defaultConfigurationIsVisible = 0;
			defaultConfigurationName = Release;
		};
		A778375218270D9D00EBBB29 /* Build configuration list for PBXNativeTarget "SSZipArchiveTests" */ = {
			isa = XCConfigurationList;
			buildConfigurations = (
				A778375318270D9D00EBBB29 /* Debug */,
				A778375418270D9D00EBBB29 /* Release */,
			);
			defaultConfigurationIsVisible = 0;
			defaultConfigurationName = Release;
		};
/* End XCConfigurationList section */
	};
	rootObject = 21CC419D17DB7D1300201DDC /* Project object */;
}
