PODS:
  - SSZipArchive (2.1.4)
  - Zip (1.1.0)

DEPENDENCIES:
  - SSZipArchive (from `..`)
  - Zip (~> 1.1)

SPEC REPOS:
  https://github.com/cocoapods/specs.git:
    - Zip

EXTERNAL SOURCES:
  SSZipArchive:
    :path: ".."

SPEC CHECKSUMS:
  SSZipArchive: 18891f81644ecfc89df4a3aa29ed6d0788156cb9
  Zip: 8877eede3dda76bcac281225c20e71c25270774c

PODFILE CHECKSUM: 1a6026be02f09555dcbe7f223fd663cf33ff4e4d

COCOAPODS: 1.5.3
